// !$*UTF8*$!
{
	archiveVersion = 1;
	classes = {
	};
	objectVersion = 48;
	objects = {

/* Begin PBXBuildFile section */
		551A183F1FA0FA030050C93C /* NewAccountFinish.m in Sources */ = {isa = PBXBuildFile; fileRef = 551A183E1FA0FA030050C93C /* NewAccountFinish.m */; };
		551A18421FA0FA740050C93C /* NewAccountFinal.m in Sources */ = {isa = PBXBuildFile; fileRef = 551A18411FA0FA740050C93C /* NewAccountFinal.m */; };
		5527BAA51F8D0D1200C40D05 /* NewAccountCreator.m in Sources */ = {isa = PBXBuildFile; fileRef = 5527BAA41F8D0D1200C40D05 /* NewAccountCreator.m */; };
		5527BAA91F8D37D600C40D05 /* SessionState.m in Sources */ = {isa = PBXBuildFile; fileRef = 5527BAA81F8D37D600C40D05 /* SessionState.m */; };
		5527BAAC1F8D398A00C40D05 /* ParameterGenerator.m in Sources */ = {isa = PBXBuildFile; fileRef = 5527BAAB1F8D398A00C40D05 /* ParameterGenerator.m */; };
		5527BAB11F8D4B1D00C40D05 /* NewAccountRequest.m in Sources */ = {isa = PBXBuildFile; fileRef = 5527BAB01F8D4B1D00C40D05 /* NewAccountRequest.m */; };
		5527BAB41F8D58D300C40D05 /* RESTSession.m in Sources */ = {isa = PBXBuildFile; fileRef = 5527BAB31F8D58D300C40D05 /* RESTSession.m */; };
		5527BAB81F8DB81B00C40D05 /* NewAccountResponse.m in Sources */ = {isa = PBXBuildFile; fileRef = 5527BAB71F8DB81A00C40D05 /* NewAccountResponse.m */; };
		5533325B1F9AE2D700F441E4 /* AlertErrorDelegate.m in Sources */ = {isa = PBXBuildFile; fileRef = 5533325A1F9AE2D700F441E4 /* AlertErrorDelegate.m */; };
		5537898C1FF568B50043BCF4 /* WhitelistTableViewController.m in Sources */ = {isa = PBXBuildFile; fileRef = 5537898B1FF568B50043BCF4 /* WhitelistTableViewController.m */; };
		5537898F1FF579EC0043BCF4 /* WhitelistTableViewCell.m in Sources */ = {isa = PBXBuildFile; fileRef = 5537898E1FF579EC0043BCF4 /* WhitelistTableViewCell.m */; };
		553789921FF583490043BCF4 /* AddFriendViewController.m in Sources */ = {isa = PBXBuildFile; fileRef = 553789911FF583490043BCF4 /* AddFriendViewController.m */; };
		553789951FF58B0F0043BCF4 /* WhitelistManager.m in Sources */ = {isa = PBXBuildFile; fileRef = 553789941FF58B0F0043BCF4 /* WhitelistManager.m */; };
		553A7BD21FBFF4020037A4E7 /* libgmp.a in Frameworks */ = {isa = PBXBuildFile; fileRef = 55AA556D1FA1527C00A7026B /* libgmp.a */; };
		554C17341FDC7F49009434F5 /* TabBarDelegate.m in Sources */ = {isa = PBXBuildFile; fileRef = 554C17331FDC7F49009434F5 /* TabBarDelegate.m */; };
		554C17371FDD5990009434F5 /* MoreTableViewController.m in Sources */ = {isa = PBXBuildFile; fileRef = 554C17361FDD5990009434F5 /* MoreTableViewController.m */; };
		5570AD191FDF039B00724B34 /* ContactPolicyViewController.m in Sources */ = {isa = PBXBuildFile; fileRef = 5570AD181FDF039B00724B34 /* ContactPolicyViewController.m */; };
		557238AA1F8C43F600A13A14 /* AccountManager.m in Sources */ = {isa = PBXBuildFile; fileRef = 557238A91F8C43F600A13A14 /* AccountManager.m */; };
		557238B31F8C6B0C00A13A14 /* NSData+HexEncode.m in Sources */ = {isa = PBXBuildFile; fileRef = 557238B21F8C6B0C00A13A14 /* NSData+HexEncode.m */; };
		558720471FE466BE0078679E /* NicknameViewController.m in Sources */ = {isa = PBXBuildFile; fileRef = 558720461FE466BE0078679E /* NicknameViewController.m */; };
		5592A5891F8BBB4400F08BF5 /* AppDelegate.m in Sources */ = {isa = PBXBuildFile; fileRef = 5592A5881F8BBB4400F08BF5 /* AppDelegate.m */; };
		5592A58C1F8BBB4400F08BF5 /* HomeViewController.m in Sources */ = {isa = PBXBuildFile; fileRef = 5592A58B1F8BBB4400F08BF5 /* HomeViewController.m */; };
		5592A5921F8BBB4400F08BF5 /* Main.storyboard in Resources */ = {isa = PBXBuildFile; fileRef = 5592A5901F8BBB4400F08BF5 /* Main.storyboard */; };
		5592A5941F8BBB4400F08BF5 /* Assets.xcassets in Resources */ = {isa = PBXBuildFile; fileRef = 5592A5931F8BBB4400F08BF5 /* Assets.xcassets */; };
		5592A5971F8BBB4400F08BF5 /* LaunchScreen.storyboard in Resources */ = {isa = PBXBuildFile; fileRef = 5592A5951F8BBB4400F08BF5 /* LaunchScreen.storyboard */; };
		5592A59A1F8BBB4500F08BF5 /* main.mm in Sources */ = {isa = PBXBuildFile; fileRef = 5592A5991F8BBB4500F08BF5 /* main.mm */; };
		5592A5A41F8BBB4500F08BF5 /* pippip_native_iosTests.m in Sources */ = {isa = PBXBuildFile; fileRef = 5592A5A31F8BBB4500F08BF5 /* pippip_native_iosTests.m */; };
		5592A5B01F8BC43C00F08BF5 /* ContactsTableViewController.m in Sources */ = {isa = PBXBuildFile; fileRef = 5592A5AF1F8BC43C00F08BF5 /* ContactsTableViewController.m */; };
		5592A5B31F8BC92E00F08BF5 /* MessagesTableViewController.m in Sources */ = {isa = PBXBuildFile; fileRef = 5592A5B21F8BC92E00F08BF5 /* MessagesTableViewController.m */; };
		55AA54DA1FA14B1E00A7026B /* ByteArrayInputStream.cc in Sources */ = {isa = PBXBuildFile; fileRef = 55AA54C61FA14B1D00A7026B /* ByteArrayInputStream.cc */; };
		55AA54DB1FA14B1E00A7026B /* ByteArrayOutputStream.cc in Sources */ = {isa = PBXBuildFile; fileRef = 55AA54CA1FA14B1D00A7026B /* ByteArrayOutputStream.cc */; };
		55AA54DC1FA14B1E00A7026B /* Unsigned16.cc in Sources */ = {isa = PBXBuildFile; fileRef = 55AA54CC1FA14B1D00A7026B /* Unsigned16.cc */; };
		55AA54DD1FA14B1E00A7026B /* ByteArray.cc in Sources */ = {isa = PBXBuildFile; fileRef = 55AA54CD1FA14B1D00A7026B /* ByteArray.cc */; };
		55AA54DE1FA14B1E00A7026B /* ByteStreamCodec.cc in Sources */ = {isa = PBXBuildFile; fileRef = 55AA54D11FA14B1E00A7026B /* ByteStreamCodec.cc */; };
		55AA54DF1FA14B1E00A7026B /* Int32.cc in Sources */ = {isa = PBXBuildFile; fileRef = 55AA54D31FA14B1E00A7026B /* Int32.cc */; };
		55AA54E01FA14B1E00A7026B /* Unsigned32.cc in Sources */ = {isa = PBXBuildFile; fileRef = 55AA54D41FA14B1E00A7026B /* Unsigned32.cc */; };
		55AA54E11FA14B1E00A7026B /* Unsigned64.cc in Sources */ = {isa = PBXBuildFile; fileRef = 55AA54D71FA14B1E00A7026B /* Unsigned64.cc */; };
		55AA54E21FA14B1E00A7026B /* Int64.cc in Sources */ = {isa = PBXBuildFile; fileRef = 55AA54D81FA14B1E00A7026B /* Int64.cc */; };
		55AA54E31FA14B1E00A7026B /* Int16.cc in Sources */ = {isa = PBXBuildFile; fileRef = 55AA54D91FA14B1E00A7026B /* Int16.cc */; };
		55AA54FA1FA14C1300A7026B /* CKPEMCodec.mm in Sources */ = {isa = PBXBuildFile; fileRef = 55AA54EA1FA14C1200A7026B /* CKPEMCodec.mm */; };
		55AA54FB1FA14C1300A7026B /* CKRSAPublicKey.m in Sources */ = {isa = PBXBuildFile; fileRef = 55AA54EB1FA14C1200A7026B /* CKRSAPublicKey.m */; };
		55AA54FC1FA14C1300A7026B /* CKRSAKeyPair.m in Sources */ = {isa = PBXBuildFile; fileRef = 55AA54EC1FA14C1200A7026B /* CKRSAKeyPair.m */; };
		55AA54FD1FA14C1300A7026B /* CKRSACodec.mm in Sources */ = {isa = PBXBuildFile; fileRef = 55AA54ED1FA14C1200A7026B /* CKRSACodec.mm */; };
		55AA54FE1FA14C1300A7026B /* CKSecureRandom.mm in Sources */ = {isa = PBXBuildFile; fileRef = 55AA54EE1FA14C1300A7026B /* CKSecureRandom.mm */; };
		55AA54FF1FA14C1300A7026B /* CKRSAPrivateKey.m in Sources */ = {isa = PBXBuildFile; fileRef = 55AA54F11FA14C1300A7026B /* CKRSAPrivateKey.m */; };
		55AA55001FA14C1300A7026B /* CKSHA1.mm in Sources */ = {isa = PBXBuildFile; fileRef = 55AA54F51FA14C1300A7026B /* CKSHA1.mm */; };
		55AA55011FA14C1300A7026B /* CKSHA256.mm in Sources */ = {isa = PBXBuildFile; fileRef = 55AA54F61FA14C1300A7026B /* CKSHA256.mm */; };
		55AA55021FA14C1300A7026B /* CKRSAKeyPairGenerator.mm in Sources */ = {isa = PBXBuildFile; fileRef = 55AA54F81FA14C1300A7026B /* CKRSAKeyPairGenerator.mm */; };
		55AA554C1FA14D7100A7026B /* DigestBase.cc in Sources */ = {isa = PBXBuildFile; fileRef = 55AA55041FA14D6A00A7026B /* DigestBase.cc */; };
		55AA554D1FA14D7100A7026B /* RSAPublicKey.cc in Sources */ = {isa = PBXBuildFile; fileRef = 55AA55071FA14D6A00A7026B /* RSAPublicKey.cc */; };
		55AA554E1FA14D7100A7026B /* GCM.cc in Sources */ = {isa = PBXBuildFile; fileRef = 55AA55091FA14D6A00A7026B /* GCM.cc */; };
		55AA554F1FA14D7100A7026B /* RSA.cc in Sources */ = {isa = PBXBuildFile; fileRef = 55AA550A1FA14D6A00A7026B /* RSA.cc */; };
		55AA55501FA14D7100A7026B /* PSSmgf1.cc in Sources */ = {isa = PBXBuildFile; fileRef = 55AA550E1FA14D6B00A7026B /* PSSmgf1.cc */; };
		55AA55511FA14D7100A7026B /* RSAPrivateModKey.cc in Sources */ = {isa = PBXBuildFile; fileRef = 55AA550F1FA14D6B00A7026B /* RSAPrivateModKey.cc */; };
		55AA55521FA14D7100A7026B /* OAEPrsaes.cc in Sources */ = {isa = PBXBuildFile; fileRef = 55AA55111FA14D6B00A7026B /* OAEPrsaes.cc */; };
		55AA55531FA14D7100A7026B /* CCSecureRandom.cc in Sources */ = {isa = PBXBuildFile; fileRef = 55AA55171FA14D6B00A7026B /* CCSecureRandom.cc */; };
		55AA55541FA14D7100A7026B /* SHA256.cc in Sources */ = {isa = PBXBuildFile; fileRef = 55AA551A1FA14D6B00A7026B /* SHA256.cc */; };
		55AA55551FA14D7100A7026B /* SHA512.cc in Sources */ = {isa = PBXBuildFile; fileRef = 55AA551C1FA14D6C00A7026B /* SHA512.cc */; };
		55AA55561FA14D7100A7026B /* PEMCodec.cc in Sources */ = {isa = PBXBuildFile; fileRef = 55AA55201FA14D6C00A7026B /* PEMCodec.cc */; };
		55AA55571FA14D7100A7026B /* DHKeyExchange.cc in Sources */ = {isa = PBXBuildFile; fileRef = 55AA55231FA14D6C00A7026B /* DHKeyExchange.cc */; };
		55AA55581FA14D7100A7026B /* HMAC.cc in Sources */ = {isa = PBXBuildFile; fileRef = 55AA55251FA14D6D00A7026B /* HMAC.cc */; };
		55AA55591FA14D7100A7026B /* SHA1.cc in Sources */ = {isa = PBXBuildFile; fileRef = 55AA55261FA14D6D00A7026B /* SHA1.cc */; };
		55AA555A1FA14D7100A7026B /* PrivateKey.cc in Sources */ = {isa = PBXBuildFile; fileRef = 55AA55291FA14D6D00A7026B /* PrivateKey.cc */; };
		55AA555B1FA14D7100A7026B /* GCMCodec.cc in Sources */ = {isa = PBXBuildFile; fileRef = 55AA552A1FA14D6D00A7026B /* GCMCodec.cc */; };
		55AA555C1FA14D7100A7026B /* AES.cc in Sources */ = {isa = PBXBuildFile; fileRef = 55AA552B1FA14D6D00A7026B /* AES.cc */; };
		55AA555D1FA14D7100A7026B /* PublicKey.cc in Sources */ = {isa = PBXBuildFile; fileRef = 55AA552C1FA14D6D00A7026B /* PublicKey.cc */; };
		55AA555E1FA14D7100A7026B /* SHA384.cc in Sources */ = {isa = PBXBuildFile; fileRef = 55AA552E1FA14D6E00A7026B /* SHA384.cc */; };
		55AA555F1FA14D7100A7026B /* DERCodec.cc in Sources */ = {isa = PBXBuildFile; fileRef = 55AA552F1FA14D6E00A7026B /* DERCodec.cc */; };
		55AA55601FA14D7100A7026B /* IosSecureRandom.cc in Sources */ = {isa = PBXBuildFile; fileRef = 55AA55351FA14D6E00A7026B /* IosSecureRandom.cc */; };
		55AA55611FA14D7100A7026B /* PKCS1rsassa.cc in Sources */ = {isa = PBXBuildFile; fileRef = 55AA55361FA14D6F00A7026B /* PKCS1rsassa.cc */; };
		55AA55621FA14D7100A7026B /* RSAKeyPairGenerator.cc in Sources */ = {isa = PBXBuildFile; fileRef = 55AA553B1FA14D6F00A7026B /* RSAKeyPairGenerator.cc */; };
		55AA55631FA14D7100A7026B /* RSAPrivateCrtKey.cc in Sources */ = {isa = PBXBuildFile; fileRef = 55AA553C1FA14D6F00A7026B /* RSAPrivateCrtKey.cc */; };
		55AA55641FA14D7100A7026B /* RSACodec.cc in Sources */ = {isa = PBXBuildFile; fileRef = 55AA55441FA14D7000A7026B /* RSACodec.cc */; };
		55AA55651FA14D7100A7026B /* Random.cc in Sources */ = {isa = PBXBuildFile; fileRef = 55AA55461FA14D7000A7026B /* Random.cc */; };
		55AA55661FA14D7100A7026B /* Base64.cc in Sources */ = {isa = PBXBuildFile; fileRef = 55AA55481FA14D7100A7026B /* Base64.cc */; };
		55AA55671FA14D7100A7026B /* RSAPrivateKey.cc in Sources */ = {isa = PBXBuildFile; fileRef = 55AA55491FA14D7100A7026B /* RSAPrivateKey.cc */; };
		55AA55681FA14D7100A7026B /* BigInteger.cc in Sources */ = {isa = PBXBuildFile; fileRef = 55AA554A1FA14D7100A7026B /* BigInteger.cc */; };
		55B3911C1FE17339004DAFF7 /* EnclaveRequest.m in Sources */ = {isa = PBXBuildFile; fileRef = 55B3911B1FE17339004DAFF7 /* EnclaveRequest.m */; };
		55B3911F1FE17383004DAFF7 /* EnclaveResponse.m in Sources */ = {isa = PBXBuildFile; fileRef = 55B3911E1FE17383004DAFF7 /* EnclaveResponse.m */; };
		55B781A41FDD77F800330B80 /* PublicIdTableViewController.m in Sources */ = {isa = PBXBuildFile; fileRef = 55B781A31FDD77F800330B80 /* PublicIdTableViewController.m */; };
		55B781A71FDDA63900330B80 /* AccountsTableViewController.m in Sources */ = {isa = PBXBuildFile; fileRef = 55B781A61FDDA63900330B80 /* AccountsTableViewController.m */; };
		55B781AA1FDE161E00330B80 /* Logout.m in Sources */ = {isa = PBXBuildFile; fileRef = 55B781A91FDE161E00330B80 /* Logout.m */; };
		55B781AD1FE018FC00330B80 /* ContactManager.m in Sources */ = {isa = PBXBuildFile; fileRef = 55B781AC1FE018FC00330B80 /* ContactManager.m */; };
		55B781B01FE09FDD00330B80 /* ContactEntity.m in Sources */ = {isa = PBXBuildFile; fileRef = 55B781AF1FE09FDD00330B80 /* ContactEntity.m */; };
		55B781B31FE0A4F600330B80 /* AddContactViewController.m in Sources */ = {isa = PBXBuildFile; fileRef = 55B781B21FE0A4F600330B80 /* AddContactViewController.m */; };
		55CBAE601FD62E8D00C73A2B /* CKSignature.mm in Sources */ = {isa = PBXBuildFile; fileRef = 55CBAE5F1FD62E8D00C73A2B /* CKSignature.mm */; };
		55DB7F451FD8692C00B4D262 /* ServerAuthorized.m in Sources */ = {isa = PBXBuildFile; fileRef = 55DB7F441FD8692C00B4D262 /* ServerAuthorized.m */; };
		55DB7F481FD86AF800B4D262 /* ClientAuthorized.m in Sources */ = {isa = PBXBuildFile; fileRef = 55DB7F471FD86AF800B4D262 /* ClientAuthorized.m */; };
		55DB7F4B1FDB350800B4D262 /* CreateAccountDialog.m in Sources */ = {isa = PBXBuildFile; fileRef = 55DB7F4A1FDB350800B4D262 /* CreateAccountDialog.m */; };
		55FA87391FD059AF00FB96C0 /* UserVault.m in Sources */ = {isa = PBXBuildFile; fileRef = 55FA87381FD059AF00FB96C0 /* UserVault.m */; };
		55FA873C1FD05E9800FB96C0 /* CKGCMCodec.mm in Sources */ = {isa = PBXBuildFile; fileRef = 55FA873B1FD05E9800FB96C0 /* CKGCMCodec.mm */; };
		55FA873F1FD187CD00FB96C0 /* Authenticator.m in Sources */ = {isa = PBXBuildFile; fileRef = 55FA873E1FD187CD00FB96C0 /* Authenticator.m */; };
		55FA87421FD1AE5800FB96C0 /* AuthenticationRequest.m in Sources */ = {isa = PBXBuildFile; fileRef = 55FA87411FD1AE5800FB96C0 /* AuthenticationRequest.m */; };
		55FA87451FD5CA4F00FB96C0 /* AuthenticationResponse.m in Sources */ = {isa = PBXBuildFile; fileRef = 55FA87441FD5CA4F00FB96C0 /* AuthenticationResponse.m */; };
		55FA87481FD5E58E00FB96C0 /* ClientAuthChallenge.m in Sources */ = {isa = PBXBuildFile; fileRef = 55FA87471FD5E58E00FB96C0 /* ClientAuthChallenge.m */; };
		55FA874B1FD5E5AC00FB96C0 /* ServerAuthChallenge.m in Sources */ = {isa = PBXBuildFile; fileRef = 55FA874A1FD5E5AC00FB96C0 /* ServerAuthChallenge.m */; };
		55FA874E1FD5F10500FB96C0 /* CKHMAC.mm in Sources */ = {isa = PBXBuildFile; fileRef = 55FA874D1FD5F10500FB96C0 /* CKHMAC.mm */; };
/* End PBXBuildFile section */

/* Begin PBXContainerItemProxy section */
		5592A5A01F8BBB4500F08BF5 /* PBXContainerItemProxy */ = {
			isa = PBXContainerItemProxy;
			containerPortal = 5592A57C1F8BBB4400F08BF5 /* Project object */;
			proxyType = 1;
			remoteGlobalIDString = 5592A5831F8BBB4400F08BF5;
			remoteInfo = "pippip-native-ios";
		};
/* End PBXContainerItemProxy section */

/* Begin PBXCopyFilesBuildPhase section */
		552062D21F8EC7120015A9A9 /* Embed Frameworks */ = {
			isa = PBXCopyFilesBuildPhase;
			buildActionMask = 2147483647;
			dstPath = "";
			dstSubfolderSpec = 10;
			files = (
			);
			name = "Embed Frameworks";
			runOnlyForDeploymentPostprocessing = 0;
		};
/* End PBXCopyFilesBuildPhase section */

/* Begin PBXFileReference section */
		551A183D1FA0FA030050C93C /* NewAccountFinish.h */ = {isa = PBXFileReference; lastKnownFileType = sourcecode.c.h; path = NewAccountFinish.h; sourceTree = "<group>"; };
		551A183E1FA0FA030050C93C /* NewAccountFinish.m */ = {isa = PBXFileReference; lastKnownFileType = sourcecode.c.objc; path = NewAccountFinish.m; sourceTree = "<group>"; };
		551A18401FA0FA740050C93C /* NewAccountFinal.h */ = {isa = PBXFileReference; lastKnownFileType = sourcecode.c.h; path = NewAccountFinal.h; sourceTree = "<group>"; };
		551A18411FA0FA740050C93C /* NewAccountFinal.m */ = {isa = PBXFileReference; lastKnownFileType = sourcecode.c.objc; path = NewAccountFinal.m; sourceTree = "<group>"; };
		5527BAA11F8D0AE200C40D05 /* PostPacket.h */ = {isa = PBXFileReference; lastKnownFileType = sourcecode.c.h; path = PostPacket.h; sourceTree = "<group>"; };
		5527BAA31F8D0D1200C40D05 /* NewAccountCreator.h */ = {isa = PBXFileReference; lastKnownFileType = sourcecode.c.h; path = NewAccountCreator.h; sourceTree = "<group>"; };
		5527BAA41F8D0D1200C40D05 /* NewAccountCreator.m */ = {isa = PBXFileReference; lastKnownFileType = sourcecode.c.objc; path = NewAccountCreator.m; sourceTree = "<group>"; };
		5527BAA61F8D36BA00C40D05 /* RESTResponse.h */ = {isa = PBXFileReference; lastKnownFileType = sourcecode.c.h; path = RESTResponse.h; sourceTree = "<group>"; };
		5527BAA71F8D37D600C40D05 /* SessionState.h */ = {isa = PBXFileReference; lastKnownFileType = sourcecode.c.h; path = SessionState.h; sourceTree = "<group>"; };
		5527BAA81F8D37D600C40D05 /* SessionState.m */ = {isa = PBXFileReference; lastKnownFileType = sourcecode.c.objc; path = SessionState.m; sourceTree = "<group>"; };
		5527BAAA1F8D398A00C40D05 /* ParameterGenerator.h */ = {isa = PBXFileReference; lastKnownFileType = sourcecode.c.h; path = ParameterGenerator.h; sourceTree = "<group>"; };
		5527BAAB1F8D398A00C40D05 /* ParameterGenerator.m */ = {isa = PBXFileReference; lastKnownFileType = sourcecode.c.objc; path = ParameterGenerator.m; sourceTree = "<group>"; };
		5527BAAF1F8D4B1D00C40D05 /* NewAccountRequest.h */ = {isa = PBXFileReference; lastKnownFileType = sourcecode.c.h; path = NewAccountRequest.h; sourceTree = "<group>"; };
		5527BAB01F8D4B1D00C40D05 /* NewAccountRequest.m */ = {isa = PBXFileReference; lastKnownFileType = sourcecode.c.objc; path = NewAccountRequest.m; sourceTree = "<group>"; };
		5527BAB21F8D58D300C40D05 /* RESTSession.h */ = {isa = PBXFileReference; lastKnownFileType = sourcecode.c.h; path = RESTSession.h; sourceTree = "<group>"; };
		5527BAB31F8D58D300C40D05 /* RESTSession.m */ = {isa = PBXFileReference; lastKnownFileType = sourcecode.c.objc; path = RESTSession.m; sourceTree = "<group>"; };
		5527BAB51F8D5B9500C40D05 /* SessionDelegate.h */ = {isa = PBXFileReference; lastKnownFileType = sourcecode.c.h; path = SessionDelegate.h; sourceTree = "<group>"; };
		5527BAB61F8DB81A00C40D05 /* NewAccountResponse.h */ = {isa = PBXFileReference; lastKnownFileType = sourcecode.c.h; path = NewAccountResponse.h; sourceTree = "<group>"; };
		5527BAB71F8DB81A00C40D05 /* NewAccountResponse.m */ = {isa = PBXFileReference; lastKnownFileType = sourcecode.c.objc; path = NewAccountResponse.m; sourceTree = "<group>"; };
		553332581F9AD83A00F441E4 /* RequestProcess.h */ = {isa = PBXFileReference; lastKnownFileType = sourcecode.c.h; path = RequestProcess.h; sourceTree = "<group>"; };
		553332591F9AE2D700F441E4 /* AlertErrorDelegate.h */ = {isa = PBXFileReference; lastKnownFileType = sourcecode.c.h; path = AlertErrorDelegate.h; sourceTree = "<group>"; };
		5533325A1F9AE2D700F441E4 /* AlertErrorDelegate.m */ = {isa = PBXFileReference; lastKnownFileType = sourcecode.c.objc; path = AlertErrorDelegate.m; sourceTree = "<group>"; };
		5533325C1F9B779300F441E4 /* ErrorCodes.h */ = {isa = PBXFileReference; lastKnownFileType = sourcecode.c.h; path = ErrorCodes.h; sourceTree = "<group>"; };
		5537898A1FF568B50043BCF4 /* WhitelistTableViewController.h */ = {isa = PBXFileReference; lastKnownFileType = sourcecode.c.h; path = WhitelistTableViewController.h; sourceTree = "<group>"; };
		5537898B1FF568B50043BCF4 /* WhitelistTableViewController.m */ = {isa = PBXFileReference; lastKnownFileType = sourcecode.c.objc; path = WhitelistTableViewController.m; sourceTree = "<group>"; };
		5537898D1FF579EC0043BCF4 /* WhitelistTableViewCell.h */ = {isa = PBXFileReference; lastKnownFileType = sourcecode.c.h; path = WhitelistTableViewCell.h; sourceTree = "<group>"; };
		5537898E1FF579EC0043BCF4 /* WhitelistTableViewCell.m */ = {isa = PBXFileReference; lastKnownFileType = sourcecode.c.objc; path = WhitelistTableViewCell.m; sourceTree = "<group>"; };
		553789901FF583490043BCF4 /* AddFriendViewController.h */ = {isa = PBXFileReference; lastKnownFileType = sourcecode.c.h; path = AddFriendViewController.h; sourceTree = "<group>"; };
		553789911FF583490043BCF4 /* AddFriendViewController.m */ = {isa = PBXFileReference; lastKnownFileType = sourcecode.c.objc; path = AddFriendViewController.m; sourceTree = "<group>"; };
		553789931FF58B0F0043BCF4 /* WhitelistManager.h */ = {isa = PBXFileReference; lastKnownFileType = sourcecode.c.h; path = WhitelistManager.h; sourceTree = "<group>"; };
		553789941FF58B0F0043BCF4 /* WhitelistManager.m */ = {isa = PBXFileReference; lastKnownFileType = sourcecode.c.objc; path = WhitelistManager.m; sourceTree = "<group>"; };
		554C17321FDC7F49009434F5 /* TabBarDelegate.h */ = {isa = PBXFileReference; lastKnownFileType = sourcecode.c.h; path = TabBarDelegate.h; sourceTree = "<group>"; };
		554C17331FDC7F49009434F5 /* TabBarDelegate.m */ = {isa = PBXFileReference; lastKnownFileType = sourcecode.c.objc; path = TabBarDelegate.m; sourceTree = "<group>"; };
		554C17351FDD5990009434F5 /* MoreTableViewController.h */ = {isa = PBXFileReference; lastKnownFileType = sourcecode.c.h; path = MoreTableViewController.h; sourceTree = "<group>"; };
		554C17361FDD5990009434F5 /* MoreTableViewController.m */ = {isa = PBXFileReference; lastKnownFileType = sourcecode.c.objc; path = MoreTableViewController.m; sourceTree = "<group>"; };
		5570AD171FDF039B00724B34 /* ContactPolicyViewController.h */ = {isa = PBXFileReference; lastKnownFileType = sourcecode.c.h; path = ContactPolicyViewController.h; sourceTree = "<group>"; };
		5570AD181FDF039B00724B34 /* ContactPolicyViewController.m */ = {isa = PBXFileReference; lastKnownFileType = sourcecode.c.objc; path = ContactPolicyViewController.m; sourceTree = "<group>"; };
		557238A81F8C43F600A13A14 /* AccountManager.h */ = {isa = PBXFileReference; lastKnownFileType = sourcecode.c.h; path = AccountManager.h; sourceTree = "<group>"; };
		557238A91F8C43F600A13A14 /* AccountManager.m */ = {isa = PBXFileReference; lastKnownFileType = sourcecode.c.objc; path = AccountManager.m; sourceTree = "<group>"; };
		557238B11F8C6B0C00A13A14 /* NSData+HexEncode.h */ = {isa = PBXFileReference; fileEncoding = 4; lastKnownFileType = sourcecode.c.h; path = "NSData+HexEncode.h"; sourceTree = "<group>"; };
		557238B21F8C6B0C00A13A14 /* NSData+HexEncode.m */ = {isa = PBXFileReference; fileEncoding = 4; lastKnownFileType = sourcecode.c.objc; path = "NSData+HexEncode.m"; sourceTree = "<group>"; };
		5579D45B1FE8491C007BCFE4 /* ResponseConsumer.h */ = {isa = PBXFileReference; lastKnownFileType = sourcecode.c.h; path = ResponseConsumer.h; sourceTree = "<group>"; };
		558720451FE466BE0078679E /* NicknameViewController.h */ = {isa = PBXFileReference; lastKnownFileType = sourcecode.c.h; path = NicknameViewController.h; sourceTree = "<group>"; };
		558720461FE466BE0078679E /* NicknameViewController.m */ = {isa = PBXFileReference; lastKnownFileType = sourcecode.c.objc; path = NicknameViewController.m; sourceTree = "<group>"; };
		5592A5841F8BBB4400F08BF5 /* pippip-native-ios.app */ = {isa = PBXFileReference; explicitFileType = wrapper.application; includeInIndex = 0; path = "pippip-native-ios.app"; sourceTree = BUILT_PRODUCTS_DIR; };
		5592A5871F8BBB4400F08BF5 /* AppDelegate.h */ = {isa = PBXFileReference; lastKnownFileType = sourcecode.c.h; path = AppDelegate.h; sourceTree = "<group>"; };
		5592A5881F8BBB4400F08BF5 /* AppDelegate.m */ = {isa = PBXFileReference; lastKnownFileType = sourcecode.c.objc; path = AppDelegate.m; sourceTree = "<group>"; };
		5592A58A1F8BBB4400F08BF5 /* HomeViewController.h */ = {isa = PBXFileReference; lastKnownFileType = sourcecode.c.h; path = HomeViewController.h; sourceTree = "<group>"; };
		5592A58B1F8BBB4400F08BF5 /* HomeViewController.m */ = {isa = PBXFileReference; lastKnownFileType = sourcecode.c.objc; path = HomeViewController.m; sourceTree = "<group>"; };
		5592A5911F8BBB4400F08BF5 /* Base */ = {isa = PBXFileReference; lastKnownFileType = file.storyboard; name = Base; path = Base.lproj/Main.storyboard; sourceTree = "<group>"; };
		5592A5931F8BBB4400F08BF5 /* Assets.xcassets */ = {isa = PBXFileReference; lastKnownFileType = folder.assetcatalog; path = Assets.xcassets; sourceTree = "<group>"; };
		5592A5961F8BBB4400F08BF5 /* Base */ = {isa = PBXFileReference; lastKnownFileType = file.storyboard; name = Base; path = Base.lproj/LaunchScreen.storyboard; sourceTree = "<group>"; };
		5592A5981F8BBB4400F08BF5 /* Info.plist */ = {isa = PBXFileReference; lastKnownFileType = text.plist.xml; path = Info.plist; sourceTree = "<group>"; };
		5592A5991F8BBB4500F08BF5 /* main.mm */ = {isa = PBXFileReference; lastKnownFileType = sourcecode.cpp.objcpp; path = main.mm; sourceTree = "<group>"; };
		5592A59F1F8BBB4500F08BF5 /* pippip-native-iosTests.xctest */ = {isa = PBXFileReference; explicitFileType = wrapper.cfbundle; includeInIndex = 0; path = "pippip-native-iosTests.xctest"; sourceTree = BUILT_PRODUCTS_DIR; };
		5592A5A31F8BBB4500F08BF5 /* pippip_native_iosTests.m */ = {isa = PBXFileReference; lastKnownFileType = sourcecode.c.objc; path = pippip_native_iosTests.m; sourceTree = "<group>"; };
		5592A5A51F8BBB4500F08BF5 /* Info.plist */ = {isa = PBXFileReference; lastKnownFileType = text.plist.xml; path = Info.plist; sourceTree = "<group>"; };
		5592A5AE1F8BC43C00F08BF5 /* ContactsTableViewController.h */ = {isa = PBXFileReference; lastKnownFileType = sourcecode.c.h; path = ContactsTableViewController.h; sourceTree = "<group>"; };
		5592A5AF1F8BC43C00F08BF5 /* ContactsTableViewController.m */ = {isa = PBXFileReference; lastKnownFileType = sourcecode.c.objc; path = ContactsTableViewController.m; sourceTree = "<group>"; };
		5592A5B11F8BC92E00F08BF5 /* MessagesTableViewController.h */ = {isa = PBXFileReference; lastKnownFileType = sourcecode.c.h; path = MessagesTableViewController.h; sourceTree = "<group>"; };
		5592A5B21F8BC92E00F08BF5 /* MessagesTableViewController.m */ = {isa = PBXFileReference; lastKnownFileType = sourcecode.c.objc; path = MessagesTableViewController.m; sourceTree = "<group>"; };
		55AA54C11FA14B1D00A7026B /* BadParameterException.h */ = {isa = PBXFileReference; fileEncoding = 4; lastKnownFileType = sourcecode.c.h; path = BadParameterException.h; sourceTree = "<group>"; };
		55AA54C21FA14B1D00A7026B /* OutOfRangeException.h */ = {isa = PBXFileReference; fileEncoding = 4; lastKnownFileType = sourcecode.c.h; path = OutOfRangeException.h; sourceTree = "<group>"; };
		55AA54C31FA14B1D00A7026B /* Unsigned64.h */ = {isa = PBXFileReference; fileEncoding = 4; lastKnownFileType = sourcecode.c.h; path = Unsigned64.h; sourceTree = "<group>"; };
		55AA54C41FA14B1D00A7026B /* ByteArrayInputStream.h */ = {isa = PBXFileReference; fileEncoding = 4; lastKnownFileType = sourcecode.c.h; path = ByteArrayInputStream.h; sourceTree = "<group>"; };
		55AA54C51FA14B1D00A7026B /* Exception.h */ = {isa = PBXFileReference; fileEncoding = 4; lastKnownFileType = sourcecode.c.h; path = Exception.h; sourceTree = "<group>"; };
		55AA54C61FA14B1D00A7026B /* ByteArrayInputStream.cc */ = {isa = PBXFileReference; fileEncoding = 4; lastKnownFileType = sourcecode.cpp.cpp; path = ByteArrayInputStream.cc; sourceTree = "<group>"; };
		55AA54C71FA14B1D00A7026B /* Unsigned32.h */ = {isa = PBXFileReference; fileEncoding = 4; lastKnownFileType = sourcecode.c.h; path = Unsigned32.h; sourceTree = "<group>"; };
		55AA54C81FA14B1D00A7026B /* Int32.h */ = {isa = PBXFileReference; fileEncoding = 4; lastKnownFileType = sourcecode.c.h; path = Int32.h; sourceTree = "<group>"; };
		55AA54C91FA14B1D00A7026B /* Constants.h */ = {isa = PBXFileReference; fileEncoding = 4; lastKnownFileType = sourcecode.c.h; path = Constants.h; sourceTree = "<group>"; };
		55AA54CA1FA14B1D00A7026B /* ByteArrayOutputStream.cc */ = {isa = PBXFileReference; fileEncoding = 4; lastKnownFileType = sourcecode.cpp.cpp; path = ByteArrayOutputStream.cc; sourceTree = "<group>"; };
		55AA54CB1FA14B1D00A7026B /* ByteArrayOutputStream.h */ = {isa = PBXFileReference; fileEncoding = 4; lastKnownFileType = sourcecode.c.h; path = ByteArrayOutputStream.h; sourceTree = "<group>"; };
		55AA54CC1FA14B1D00A7026B /* Unsigned16.cc */ = {isa = PBXFileReference; fileEncoding = 4; lastKnownFileType = sourcecode.cpp.cpp; path = Unsigned16.cc; sourceTree = "<group>"; };
		55AA54CD1FA14B1D00A7026B /* ByteArray.cc */ = {isa = PBXFileReference; fileEncoding = 4; lastKnownFileType = sourcecode.cpp.cpp; path = ByteArray.cc; sourceTree = "<group>"; };
		55AA54CE1FA14B1D00A7026B /* coder_iOS.h */ = {isa = PBXFileReference; fileEncoding = 4; lastKnownFileType = sourcecode.c.h; path = coder_iOS.h; sourceTree = "<group>"; };
		55AA54CF1FA14B1D00A7026B /* Int64.h */ = {isa = PBXFileReference; fileEncoding = 4; lastKnownFileType = sourcecode.c.h; path = Int64.h; sourceTree = "<group>"; };
		55AA54D01FA14B1D00A7026B /* Unsigned16.h */ = {isa = PBXFileReference; fileEncoding = 4; lastKnownFileType = sourcecode.c.h; path = Unsigned16.h; sourceTree = "<group>"; };
		55AA54D11FA14B1E00A7026B /* ByteStreamCodec.cc */ = {isa = PBXFileReference; fileEncoding = 4; lastKnownFileType = sourcecode.cpp.cpp; path = ByteStreamCodec.cc; sourceTree = "<group>"; };
		55AA54D21FA14B1E00A7026B /* ByteStreamCodec.h */ = {isa = PBXFileReference; fileEncoding = 4; lastKnownFileType = sourcecode.c.h; path = ByteStreamCodec.h; sourceTree = "<group>"; };
		55AA54D31FA14B1E00A7026B /* Int32.cc */ = {isa = PBXFileReference; fileEncoding = 4; lastKnownFileType = sourcecode.cpp.cpp; path = Int32.cc; sourceTree = "<group>"; };
		55AA54D41FA14B1E00A7026B /* Unsigned32.cc */ = {isa = PBXFileReference; fileEncoding = 4; lastKnownFileType = sourcecode.cpp.cpp; path = Unsigned32.cc; sourceTree = "<group>"; };
		55AA54D51FA14B1E00A7026B /* ByteArray.h */ = {isa = PBXFileReference; fileEncoding = 4; lastKnownFileType = sourcecode.c.h; path = ByteArray.h; sourceTree = "<group>"; };
		55AA54D61FA14B1E00A7026B /* Int16.h */ = {isa = PBXFileReference; fileEncoding = 4; lastKnownFileType = sourcecode.c.h; path = Int16.h; sourceTree = "<group>"; };
		55AA54D71FA14B1E00A7026B /* Unsigned64.cc */ = {isa = PBXFileReference; fileEncoding = 4; lastKnownFileType = sourcecode.cpp.cpp; path = Unsigned64.cc; sourceTree = "<group>"; };
		55AA54D81FA14B1E00A7026B /* Int64.cc */ = {isa = PBXFileReference; fileEncoding = 4; lastKnownFileType = sourcecode.cpp.cpp; path = Int64.cc; sourceTree = "<group>"; };
		55AA54D91FA14B1E00A7026B /* Int16.cc */ = {isa = PBXFileReference; fileEncoding = 4; lastKnownFileType = sourcecode.cpp.cpp; path = Int16.cc; sourceTree = "<group>"; };
		55AA54E71FA14C1200A7026B /* CKRSAPublicKey.h */ = {isa = PBXFileReference; fileEncoding = 4; lastKnownFileType = sourcecode.c.h; path = CKRSAPublicKey.h; sourceTree = "<group>"; };
		55AA54E81FA14C1200A7026B /* CKRSACodec.h */ = {isa = PBXFileReference; fileEncoding = 4; lastKnownFileType = sourcecode.c.h; path = CKRSACodec.h; sourceTree = "<group>"; };
		55AA54E91FA14C1200A7026B /* CKSHA1.h */ = {isa = PBXFileReference; fileEncoding = 4; lastKnownFileType = sourcecode.c.h; path = CKSHA1.h; sourceTree = "<group>"; };
		55AA54EA1FA14C1200A7026B /* CKPEMCodec.mm */ = {isa = PBXFileReference; fileEncoding = 4; lastKnownFileType = sourcecode.cpp.objcpp; path = CKPEMCodec.mm; sourceTree = "<group>"; };
		55AA54EB1FA14C1200A7026B /* CKRSAPublicKey.m */ = {isa = PBXFileReference; fileEncoding = 4; lastKnownFileType = sourcecode.c.objc; path = CKRSAPublicKey.m; sourceTree = "<group>"; };
		55AA54EC1FA14C1200A7026B /* CKRSAKeyPair.m */ = {isa = PBXFileReference; fileEncoding = 4; lastKnownFileType = sourcecode.c.objc; path = CKRSAKeyPair.m; sourceTree = "<group>"; };
		55AA54ED1FA14C1200A7026B /* CKRSACodec.mm */ = {isa = PBXFileReference; fileEncoding = 4; lastKnownFileType = sourcecode.cpp.objcpp; path = CKRSACodec.mm; sourceTree = "<group>"; };
		55AA54EE1FA14C1300A7026B /* CKSecureRandom.mm */ = {isa = PBXFileReference; fileEncoding = 4; lastKnownFileType = sourcecode.cpp.objcpp; path = CKSecureRandom.mm; sourceTree = "<group>"; };
		55AA54EF1FA14C1300A7026B /* CKRSAKeyPair.h */ = {isa = PBXFileReference; fileEncoding = 4; lastKnownFileType = sourcecode.c.h; path = CKRSAKeyPair.h; sourceTree = "<group>"; };
		55AA54F01FA14C1300A7026B /* CKSHA256.h */ = {isa = PBXFileReference; fileEncoding = 4; lastKnownFileType = sourcecode.c.h; path = CKSHA256.h; sourceTree = "<group>"; };
		55AA54F11FA14C1300A7026B /* CKRSAPrivateKey.m */ = {isa = PBXFileReference; fileEncoding = 4; lastKnownFileType = sourcecode.c.objc; path = CKRSAPrivateKey.m; sourceTree = "<group>"; };
		55AA54F21FA14C1300A7026B /* CKRSAKeyPairGenerator.h */ = {isa = PBXFileReference; fileEncoding = 4; lastKnownFileType = sourcecode.c.h; path = CKRSAKeyPairGenerator.h; sourceTree = "<group>"; };
		55AA54F31FA14C1300A7026B /* CKSecureRandom.h */ = {isa = PBXFileReference; fileEncoding = 4; lastKnownFileType = sourcecode.c.h; path = CKSecureRandom.h; sourceTree = "<group>"; };
		55AA54F41FA14C1300A7026B /* CKRSAPrivateKey.h */ = {isa = PBXFileReference; fileEncoding = 4; lastKnownFileType = sourcecode.c.h; path = CKRSAPrivateKey.h; sourceTree = "<group>"; };
		55AA54F51FA14C1300A7026B /* CKSHA1.mm */ = {isa = PBXFileReference; fileEncoding = 4; lastKnownFileType = sourcecode.cpp.objcpp; path = CKSHA1.mm; sourceTree = "<group>"; };
		55AA54F61FA14C1300A7026B /* CKSHA256.mm */ = {isa = PBXFileReference; fileEncoding = 4; lastKnownFileType = sourcecode.cpp.objcpp; path = CKSHA256.mm; sourceTree = "<group>"; };
		55AA54F71FA14C1300A7026B /* ErrorCodes.h */ = {isa = PBXFileReference; fileEncoding = 4; lastKnownFileType = sourcecode.c.h; path = ErrorCodes.h; sourceTree = "<group>"; };
		55AA54F81FA14C1300A7026B /* CKRSAKeyPairGenerator.mm */ = {isa = PBXFileReference; fileEncoding = 4; lastKnownFileType = sourcecode.cpp.objcpp; path = CKRSAKeyPairGenerator.mm; sourceTree = "<group>"; };
		55AA54F91FA14C1300A7026B /* CKPEMCodec.h */ = {isa = PBXFileReference; fileEncoding = 4; lastKnownFileType = sourcecode.c.h; path = CKPEMCodec.h; sourceTree = "<group>"; };
		55AA55041FA14D6A00A7026B /* DigestBase.cc */ = {isa = PBXFileReference; fileEncoding = 4; lastKnownFileType = sourcecode.cpp.cpp; path = DigestBase.cc; sourceTree = "<group>"; };
		55AA55051FA14D6A00A7026B /* SHA384.h */ = {isa = PBXFileReference; fileEncoding = 4; lastKnownFileType = sourcecode.c.h; path = SHA384.h; sourceTree = "<group>"; };
		55AA55061FA14D6A00A7026B /* RSAPrivateCrtKey.h */ = {isa = PBXFileReference; fileEncoding = 4; lastKnownFileType = sourcecode.c.h; path = RSAPrivateCrtKey.h; sourceTree = "<group>"; };
		55AA55071FA14D6A00A7026B /* RSAPublicKey.cc */ = {isa = PBXFileReference; fileEncoding = 4; lastKnownFileType = sourcecode.cpp.cpp; path = RSAPublicKey.cc; sourceTree = "<group>"; };
		55AA55081FA14D6A00A7026B /* SHA256.h */ = {isa = PBXFileReference; fileEncoding = 4; lastKnownFileType = sourcecode.c.h; path = SHA256.h; sourceTree = "<group>"; };
		55AA55091FA14D6A00A7026B /* GCM.cc */ = {isa = PBXFileReference; fileEncoding = 4; lastKnownFileType = sourcecode.cpp.cpp; path = GCM.cc; sourceTree = "<group>"; };
		55AA550A1FA14D6A00A7026B /* RSA.cc */ = {isa = PBXFileReference; fileEncoding = 4; lastKnownFileType = sourcecode.cpp.cpp; path = RSA.cc; sourceTree = "<group>"; };
		55AA550B1FA14D6A00A7026B /* GCMCodec.h */ = {isa = PBXFileReference; fileEncoding = 4; lastKnownFileType = sourcecode.c.h; path = GCMCodec.h; sourceTree = "<group>"; };
		55AA550C1FA14D6A00A7026B /* Base64.h */ = {isa = PBXFileReference; fileEncoding = 4; lastKnownFileType = sourcecode.c.h; path = Base64.h; sourceTree = "<group>"; };
		55AA550D1FA14D6A00A7026B /* CCSecureRandom.h */ = {isa = PBXFileReference; fileEncoding = 4; lastKnownFileType = sourcecode.c.h; path = CCSecureRandom.h; sourceTree = "<group>"; };
		55AA550E1FA14D6B00A7026B /* PSSmgf1.cc */ = {isa = PBXFileReference; fileEncoding = 4; lastKnownFileType = sourcecode.cpp.cpp; path = PSSmgf1.cc; sourceTree = "<group>"; };
		55AA550F1FA14D6B00A7026B /* RSAPrivateModKey.cc */ = {isa = PBXFileReference; fileEncoding = 4; lastKnownFileType = sourcecode.cpp.cpp; path = RSAPrivateModKey.cc; sourceTree = "<group>"; };
		55AA55101FA14D6B00A7026B /* RSACodec.h */ = {isa = PBXFileReference; fileEncoding = 4; lastKnownFileType = sourcecode.c.h; path = RSACodec.h; sourceTree = "<group>"; };
		55AA55111FA14D6B00A7026B /* OAEPrsaes.cc */ = {isa = PBXFileReference; fileEncoding = 4; lastKnownFileType = sourcecode.cpp.cpp; path = OAEPrsaes.cc; sourceTree = "<group>"; };
		55AA55121FA14D6B00A7026B /* AuthenticationException.h */ = {isa = PBXFileReference; fileEncoding = 4; lastKnownFileType = sourcecode.c.h; path = AuthenticationException.h; sourceTree = "<group>"; };
		55AA55131FA14D6B00A7026B /* PSSmgf1.h */ = {isa = PBXFileReference; fileEncoding = 4; lastKnownFileType = sourcecode.c.h; path = PSSmgf1.h; sourceTree = "<group>"; };
		55AA55141FA14D6B00A7026B /* RSAKeyPairGenerator.h */ = {isa = PBXFileReference; fileEncoding = 4; lastKnownFileType = sourcecode.c.h; path = RSAKeyPairGenerator.h; sourceTree = "<group>"; };
		55AA55151FA14D6B00A7026B /* BadParameterException.h */ = {isa = PBXFileReference; fileEncoding = 4; lastKnownFileType = sourcecode.c.h; path = BadParameterException.h; sourceTree = "<group>"; };
		55AA55161FA14D6B00A7026B /* BigInteger.h */ = {isa = PBXFileReference; fileEncoding = 4; lastKnownFileType = sourcecode.c.h; path = BigInteger.h; sourceTree = "<group>"; };
		55AA55171FA14D6B00A7026B /* CCSecureRandom.cc */ = {isa = PBXFileReference; fileEncoding = 4; lastKnownFileType = sourcecode.cpp.cpp; path = CCSecureRandom.cc; sourceTree = "<group>"; };
		55AA55181FA14D6B00A7026B /* IosSecureRandom.h */ = {isa = PBXFileReference; fileEncoding = 4; lastKnownFileType = sourcecode.c.h; path = IosSecureRandom.h; sourceTree = "<group>"; };
		55AA55191FA14D6B00A7026B /* EncodingException.h */ = {isa = PBXFileReference; fileEncoding = 4; lastKnownFileType = sourcecode.c.h; path = EncodingException.h; sourceTree = "<group>"; };
		55AA551A1FA14D6B00A7026B /* SHA256.cc */ = {isa = PBXFileReference; fileEncoding = 4; lastKnownFileType = sourcecode.cpp.cpp; path = SHA256.cc; sourceTree = "<group>"; };
		55AA551B1FA14D6C00A7026B /* RSAPublicKey.h */ = {isa = PBXFileReference; fileEncoding = 4; lastKnownFileType = sourcecode.c.h; path = RSAPublicKey.h; sourceTree = "<group>"; };
		55AA551C1FA14D6C00A7026B /* SHA512.cc */ = {isa = PBXFileReference; fileEncoding = 4; lastKnownFileType = sourcecode.cpp.cpp; path = SHA512.cc; sourceTree = "<group>"; };
		55AA551D1FA14D6C00A7026B /* DERCodec.h */ = {isa = PBXFileReference; fileEncoding = 4; lastKnownFileType = sourcecode.c.h; path = DERCodec.h; sourceTree = "<group>"; };
		55AA551E1FA14D6C00A7026B /* AEADCipherMode.h */ = {isa = PBXFileReference; fileEncoding = 4; lastKnownFileType = sourcecode.c.h; path = AEADCipherMode.h; sourceTree = "<group>"; };
		55AA551F1FA14D6C00A7026B /* IllegalOperationException.h */ = {isa = PBXFileReference; fileEncoding = 4; lastKnownFileType = sourcecode.c.h; path = IllegalOperationException.h; sourceTree = "<group>"; };
		55AA55201FA14D6C00A7026B /* PEMCodec.cc */ = {isa = PBXFileReference; fileEncoding = 4; lastKnownFileType = sourcecode.cpp.cpp; path = PEMCodec.cc; sourceTree = "<group>"; };
		55AA55211FA14D6C00A7026B /* RSAPrivateKey.h */ = {isa = PBXFileReference; fileEncoding = 4; lastKnownFileType = sourcecode.c.h; path = RSAPrivateKey.h; sourceTree = "<group>"; };
		55AA55221FA14D6C00A7026B /* SHA1.h */ = {isa = PBXFileReference; fileEncoding = 4; lastKnownFileType = sourcecode.c.h; path = SHA1.h; sourceTree = "<group>"; };
		55AA55231FA14D6C00A7026B /* DHKeyExchange.cc */ = {isa = PBXFileReference; fileEncoding = 4; lastKnownFileType = sourcecode.cpp.cpp; path = DHKeyExchange.cc; sourceTree = "<group>"; };
		55AA55241FA14D6D00A7026B /* HMAC.h */ = {isa = PBXFileReference; fileEncoding = 4; lastKnownFileType = sourcecode.c.h; path = HMAC.h; sourceTree = "<group>"; };
		55AA55251FA14D6D00A7026B /* HMAC.cc */ = {isa = PBXFileReference; fileEncoding = 4; lastKnownFileType = sourcecode.cpp.cpp; path = HMAC.cc; sourceTree = "<group>"; };
		55AA55261FA14D6D00A7026B /* SHA1.cc */ = {isa = PBXFileReference; fileEncoding = 4; lastKnownFileType = sourcecode.cpp.cpp; path = SHA1.cc; sourceTree = "<group>"; };
		55AA55271FA14D6D00A7026B /* SHA512.h */ = {isa = PBXFileReference; fileEncoding = 4; lastKnownFileType = sourcecode.c.h; path = SHA512.h; sourceTree = "<group>"; };
		55AA55281FA14D6D00A7026B /* PEMCodec.h */ = {isa = PBXFileReference; fileEncoding = 4; lastKnownFileType = sourcecode.c.h; path = PEMCodec.h; sourceTree = "<group>"; };
		55AA55291FA14D6D00A7026B /* PrivateKey.cc */ = {isa = PBXFileReference; fileEncoding = 4; lastKnownFileType = sourcecode.cpp.cpp; path = PrivateKey.cc; sourceTree = "<group>"; };
		55AA552A1FA14D6D00A7026B /* GCMCodec.cc */ = {isa = PBXFileReference; fileEncoding = 4; lastKnownFileType = sourcecode.cpp.cpp; path = GCMCodec.cc; sourceTree = "<group>"; };
		55AA552B1FA14D6D00A7026B /* AES.cc */ = {isa = PBXFileReference; fileEncoding = 4; lastKnownFileType = sourcecode.cpp.cpp; path = AES.cc; sourceTree = "<group>"; };
		55AA552C1FA14D6D00A7026B /* PublicKey.cc */ = {isa = PBXFileReference; fileEncoding = 4; lastKnownFileType = sourcecode.cpp.cpp; path = PublicKey.cc; sourceTree = "<group>"; };
		55AA552D1FA14D6E00A7026B /* DigestBase.h */ = {isa = PBXFileReference; fileEncoding = 4; lastKnownFileType = sourcecode.c.h; path = DigestBase.h; sourceTree = "<group>"; };
		55AA552E1FA14D6E00A7026B /* SHA384.cc */ = {isa = PBXFileReference; fileEncoding = 4; lastKnownFileType = sourcecode.cpp.cpp; path = SHA384.cc; sourceTree = "<group>"; };
		55AA552F1FA14D6E00A7026B /* DERCodec.cc */ = {isa = PBXFileReference; fileEncoding = 4; lastKnownFileType = sourcecode.cpp.cpp; path = DERCodec.cc; sourceTree = "<group>"; };
		55AA55301FA14D6E00A7026B /* Digest.h */ = {isa = PBXFileReference; fileEncoding = 4; lastKnownFileType = sourcecode.c.h; path = Digest.h; sourceTree = "<group>"; };
		55AA55311FA14D6E00A7026B /* DHKeyExchange.h */ = {isa = PBXFileReference; fileEncoding = 4; lastKnownFileType = sourcecode.c.h; path = DHKeyExchange.h; sourceTree = "<group>"; };
		55AA55321FA14D6E00A7026B /* GCM.h */ = {isa = PBXFileReference; fileEncoding = 4; lastKnownFileType = sourcecode.c.h; path = GCM.h; sourceTree = "<group>"; };
		55AA55331FA14D6E00A7026B /* BlockCipher.h */ = {isa = PBXFileReference; fileEncoding = 4; lastKnownFileType = sourcecode.c.h; path = BlockCipher.h; sourceTree = "<group>"; };
		55AA55341FA14D6E00A7026B /* DecryptionException.h */ = {isa = PBXFileReference; fileEncoding = 4; lastKnownFileType = sourcecode.c.h; path = DecryptionException.h; sourceTree = "<group>"; };
		55AA55351FA14D6E00A7026B /* IosSecureRandom.cc */ = {isa = PBXFileReference; fileEncoding = 4; lastKnownFileType = sourcecode.cpp.cpp; path = IosSecureRandom.cc; sourceTree = "<group>"; };
		55AA55361FA14D6F00A7026B /* PKCS1rsassa.cc */ = {isa = PBXFileReference; fileEncoding = 4; lastKnownFileType = sourcecode.cpp.cpp; path = PKCS1rsassa.cc; sourceTree = "<group>"; };
		55AA55371FA14D6F00A7026B /* PrivateKey.h */ = {isa = PBXFileReference; fileEncoding = 4; lastKnownFileType = sourcecode.c.h; path = PrivateKey.h; sourceTree = "<group>"; };
		55AA55381FA14D6F00A7026B /* PublicKey.h */ = {isa = PBXFileReference; fileEncoding = 4; lastKnownFileType = sourcecode.c.h; path = PublicKey.h; sourceTree = "<group>"; };
		55AA55391FA14D6F00A7026B /* Random.h */ = {isa = PBXFileReference; fileEncoding = 4; lastKnownFileType = sourcecode.c.h; path = Random.h; sourceTree = "<group>"; };
		55AA553A1FA14D6F00A7026B /* CKException.h */ = {isa = PBXFileReference; fileEncoding = 4; lastKnownFileType = sourcecode.c.h; path = CKException.h; sourceTree = "<group>"; };
		55AA553B1FA14D6F00A7026B /* RSAKeyPairGenerator.cc */ = {isa = PBXFileReference; fileEncoding = 4; lastKnownFileType = sourcecode.cpp.cpp; path = RSAKeyPairGenerator.cc; sourceTree = "<group>"; };
		55AA553C1FA14D6F00A7026B /* RSAPrivateCrtKey.cc */ = {isa = PBXFileReference; fileEncoding = 4; lastKnownFileType = sourcecode.cpp.cpp; path = RSAPrivateCrtKey.cc; sourceTree = "<group>"; };
		55AA553D1FA14D6F00A7026B /* OAEPrsaes.h */ = {isa = PBXFileReference; fileEncoding = 4; lastKnownFileType = sourcecode.c.h; path = OAEPrsaes.h; sourceTree = "<group>"; };
		55AA553E1FA14D6F00A7026B /* PKCS1rsassa.h */ = {isa = PBXFileReference; fileEncoding = 4; lastKnownFileType = sourcecode.c.h; path = PKCS1rsassa.h; sourceTree = "<group>"; };
		55AA553F1FA14D7000A7026B /* RSAPrivateModKey.h */ = {isa = PBXFileReference; fileEncoding = 4; lastKnownFileType = sourcecode.c.h; path = RSAPrivateModKey.h; sourceTree = "<group>"; };
		55AA55401FA14D7000A7026B /* SecureRandom.h */ = {isa = PBXFileReference; fileEncoding = 4; lastKnownFileType = sourcecode.c.h; path = SecureRandom.h; sourceTree = "<group>"; };
		55AA55411FA14D7000A7026B /* AES.h */ = {isa = PBXFileReference; fileEncoding = 4; lastKnownFileType = sourcecode.c.h; path = AES.h; sourceTree = "<group>"; };
		55AA55421FA14D7000A7026B /* SignatureException.h */ = {isa = PBXFileReference; fileEncoding = 4; lastKnownFileType = sourcecode.c.h; path = SignatureException.h; sourceTree = "<group>"; };
		55AA55431FA14D7000A7026B /* IllegalStateException.h */ = {isa = PBXFileReference; fileEncoding = 4; lastKnownFileType = sourcecode.c.h; path = IllegalStateException.h; sourceTree = "<group>"; };
		55AA55441FA14D7000A7026B /* RSACodec.cc */ = {isa = PBXFileReference; fileEncoding = 4; lastKnownFileType = sourcecode.cpp.cpp; path = RSACodec.cc; sourceTree = "<group>"; };
		55AA55451FA14D7000A7026B /* BlockCipherMode.h */ = {isa = PBXFileReference; fileEncoding = 4; lastKnownFileType = sourcecode.c.h; path = BlockCipherMode.h; sourceTree = "<group>"; };
		55AA55461FA14D7000A7026B /* Random.cc */ = {isa = PBXFileReference; fileEncoding = 4; lastKnownFileType = sourcecode.cpp.cpp; path = Random.cc; sourceTree = "<group>"; };
		55AA55471FA14D7000A7026B /* RSA.h */ = {isa = PBXFileReference; fileEncoding = 4; lastKnownFileType = sourcecode.c.h; path = RSA.h; sourceTree = "<group>"; };
		55AA55481FA14D7100A7026B /* Base64.cc */ = {isa = PBXFileReference; fileEncoding = 4; lastKnownFileType = sourcecode.cpp.cpp; path = Base64.cc; sourceTree = "<group>"; };
		55AA55491FA14D7100A7026B /* RSAPrivateKey.cc */ = {isa = PBXFileReference; fileEncoding = 4; lastKnownFileType = sourcecode.cpp.cpp; path = RSAPrivateKey.cc; sourceTree = "<group>"; };
		55AA554A1FA14D7100A7026B /* BigInteger.cc */ = {isa = PBXFileReference; fileEncoding = 4; lastKnownFileType = sourcecode.cpp.cpp; path = BigInteger.cc; sourceTree = "<group>"; };
		55AA554B1FA14D7100A7026B /* KeyPair.h */ = {isa = PBXFileReference; fileEncoding = 4; lastKnownFileType = sourcecode.c.h; path = KeyPair.h; sourceTree = "<group>"; };
		55AA55691FA14E5900A7026B /* gmp.h */ = {isa = PBXFileReference; fileEncoding = 4; lastKnownFileType = sourcecode.c.h; path = gmp.h; sourceTree = "<group>"; };
		55AA556D1FA1527C00A7026B /* libgmp.a */ = {isa = PBXFileReference; lastKnownFileType = archive.ar; path = libgmp.a; sourceTree = "<group>"; };
		55B3911A1FE17339004DAFF7 /* EnclaveRequest.h */ = {isa = PBXFileReference; lastKnownFileType = sourcecode.c.h; path = EnclaveRequest.h; sourceTree = "<group>"; };
		55B3911B1FE17339004DAFF7 /* EnclaveRequest.m */ = {isa = PBXFileReference; lastKnownFileType = sourcecode.c.objc; path = EnclaveRequest.m; sourceTree = "<group>"; };
		55B3911D1FE17383004DAFF7 /* EnclaveResponse.h */ = {isa = PBXFileReference; lastKnownFileType = sourcecode.c.h; path = EnclaveResponse.h; sourceTree = "<group>"; };
		55B3911E1FE17383004DAFF7 /* EnclaveResponse.m */ = {isa = PBXFileReference; lastKnownFileType = sourcecode.c.objc; path = EnclaveResponse.m; sourceTree = "<group>"; };
		55B781A21FDD77F800330B80 /* PublicIdTableViewController.h */ = {isa = PBXFileReference; lastKnownFileType = sourcecode.c.h; path = PublicIdTableViewController.h; sourceTree = "<group>"; };
		55B781A31FDD77F800330B80 /* PublicIdTableViewController.m */ = {isa = PBXFileReference; lastKnownFileType = sourcecode.c.objc; path = PublicIdTableViewController.m; sourceTree = "<group>"; };
		55B781A51FDDA63900330B80 /* AccountsTableViewController.h */ = {isa = PBXFileReference; lastKnownFileType = sourcecode.c.h; path = AccountsTableViewController.h; sourceTree = "<group>"; };
		55B781A61FDDA63900330B80 /* AccountsTableViewController.m */ = {isa = PBXFileReference; lastKnownFileType = sourcecode.c.objc; path = AccountsTableViewController.m; sourceTree = "<group>"; };
		55B781A81FDE161E00330B80 /* Logout.h */ = {isa = PBXFileReference; lastKnownFileType = sourcecode.c.h; path = Logout.h; sourceTree = "<group>"; };
		55B781A91FDE161E00330B80 /* Logout.m */ = {isa = PBXFileReference; lastKnownFileType = sourcecode.c.objc; path = Logout.m; sourceTree = "<group>"; };
		55B781AB1FE018FC00330B80 /* ContactManager.h */ = {isa = PBXFileReference; lastKnownFileType = sourcecode.c.h; path = ContactManager.h; sourceTree = "<group>"; };
		55B781AC1FE018FC00330B80 /* ContactManager.m */ = {isa = PBXFileReference; lastKnownFileType = sourcecode.c.objc; path = ContactManager.m; sourceTree = "<group>"; };
		55B781AE1FE09FDD00330B80 /* ContactEntity.h */ = {isa = PBXFileReference; lastKnownFileType = sourcecode.c.h; path = ContactEntity.h; sourceTree = "<group>"; };
		55B781AF1FE09FDD00330B80 /* ContactEntity.m */ = {isa = PBXFileReference; lastKnownFileType = sourcecode.c.objc; path = ContactEntity.m; sourceTree = "<group>"; };
		55B781B11FE0A4F600330B80 /* AddContactViewController.h */ = {isa = PBXFileReference; lastKnownFileType = sourcecode.c.h; path = AddContactViewController.h; sourceTree = "<group>"; };
		55B781B21FE0A4F600330B80 /* AddContactViewController.m */ = {isa = PBXFileReference; lastKnownFileType = sourcecode.c.objc; path = AddContactViewController.m; sourceTree = "<group>"; };
		55CBAE5E1FD62E8D00C73A2B /* CKSignature.h */ = {isa = PBXFileReference; lastKnownFileType = sourcecode.c.h; path = CKSignature.h; sourceTree = "<group>"; };
		55CBAE5F1FD62E8D00C73A2B /* CKSignature.mm */ = {isa = PBXFileReference; lastKnownFileType = sourcecode.cpp.objcpp; path = CKSignature.mm; sourceTree = "<group>"; };
		55DB42141F9ABF8C001D8CB1 /* ErrorDelegate.h */ = {isa = PBXFileReference; lastKnownFileType = sourcecode.c.h; path = ErrorDelegate.h; sourceTree = "<group>"; };
		55DB7F431FD8692C00B4D262 /* ServerAuthorized.h */ = {isa = PBXFileReference; lastKnownFileType = sourcecode.c.h; path = ServerAuthorized.h; sourceTree = "<group>"; };
		55DB7F441FD8692C00B4D262 /* ServerAuthorized.m */ = {isa = PBXFileReference; lastKnownFileType = sourcecode.c.objc; path = ServerAuthorized.m; sourceTree = "<group>"; };
		55DB7F461FD86AF800B4D262 /* ClientAuthorized.h */ = {isa = PBXFileReference; lastKnownFileType = sourcecode.c.h; path = ClientAuthorized.h; sourceTree = "<group>"; };
		55DB7F471FD86AF800B4D262 /* ClientAuthorized.m */ = {isa = PBXFileReference; lastKnownFileType = sourcecode.c.objc; path = ClientAuthorized.m; sourceTree = "<group>"; };
		55DB7F491FDB350800B4D262 /* CreateAccountDialog.h */ = {isa = PBXFileReference; lastKnownFileType = sourcecode.c.h; path = CreateAccountDialog.h; sourceTree = "<group>"; };
		55DB7F4A1FDB350800B4D262 /* CreateAccountDialog.m */ = {isa = PBXFileReference; lastKnownFileType = sourcecode.c.objc; path = CreateAccountDialog.m; sourceTree = "<group>"; };
		55FA87371FD059AF00FB96C0 /* UserVault.h */ = {isa = PBXFileReference; lastKnownFileType = sourcecode.c.h; path = UserVault.h; sourceTree = "<group>"; };
		55FA87381FD059AF00FB96C0 /* UserVault.m */ = {isa = PBXFileReference; lastKnownFileType = sourcecode.c.objc; path = UserVault.m; sourceTree = "<group>"; };
		55FA873A1FD05E9800FB96C0 /* CKGCMCodec.h */ = {isa = PBXFileReference; lastKnownFileType = sourcecode.c.h; path = CKGCMCodec.h; sourceTree = "<group>"; };
		55FA873B1FD05E9800FB96C0 /* CKGCMCodec.mm */ = {isa = PBXFileReference; lastKnownFileType = sourcecode.cpp.objcpp; path = CKGCMCodec.mm; sourceTree = "<group>"; };
		55FA873D1FD187CD00FB96C0 /* Authenticator.h */ = {isa = PBXFileReference; lastKnownFileType = sourcecode.c.h; path = Authenticator.h; sourceTree = "<group>"; };
		55FA873E1FD187CD00FB96C0 /* Authenticator.m */ = {isa = PBXFileReference; lastKnownFileType = sourcecode.c.objc; path = Authenticator.m; sourceTree = "<group>"; };
		55FA87401FD1AE5800FB96C0 /* AuthenticationRequest.h */ = {isa = PBXFileReference; lastKnownFileType = sourcecode.c.h; path = AuthenticationRequest.h; sourceTree = "<group>"; };
		55FA87411FD1AE5800FB96C0 /* AuthenticationRequest.m */ = {isa = PBXFileReference; lastKnownFileType = sourcecode.c.objc; path = AuthenticationRequest.m; sourceTree = "<group>"; };
		55FA87431FD5CA4F00FB96C0 /* AuthenticationResponse.h */ = {isa = PBXFileReference; lastKnownFileType = sourcecode.c.h; path = AuthenticationResponse.h; sourceTree = "<group>"; };
		55FA87441FD5CA4F00FB96C0 /* AuthenticationResponse.m */ = {isa = PBXFileReference; lastKnownFileType = sourcecode.c.objc; path = AuthenticationResponse.m; sourceTree = "<group>"; };
		55FA87461FD5E58E00FB96C0 /* ClientAuthChallenge.h */ = {isa = PBXFileReference; lastKnownFileType = sourcecode.c.h; path = ClientAuthChallenge.h; sourceTree = "<group>"; };
		55FA87471FD5E58E00FB96C0 /* ClientAuthChallenge.m */ = {isa = PBXFileReference; lastKnownFileType = sourcecode.c.objc; path = ClientAuthChallenge.m; sourceTree = "<group>"; };
		55FA87491FD5E5AC00FB96C0 /* ServerAuthChallenge.h */ = {isa = PBXFileReference; lastKnownFileType = sourcecode.c.h; path = ServerAuthChallenge.h; sourceTree = "<group>"; };
		55FA874A1FD5E5AC00FB96C0 /* ServerAuthChallenge.m */ = {isa = PBXFileReference; lastKnownFileType = sourcecode.c.objc; path = ServerAuthChallenge.m; sourceTree = "<group>"; };
		55FA874C1FD5F10500FB96C0 /* CKHMAC.h */ = {isa = PBXFileReference; lastKnownFileType = sourcecode.c.h; path = CKHMAC.h; sourceTree = "<group>"; };
		55FA874D1FD5F10500FB96C0 /* CKHMAC.mm */ = {isa = PBXFileReference; lastKnownFileType = sourcecode.cpp.objcpp; path = CKHMAC.mm; sourceTree = "<group>"; };
/* End PBXFileReference section */

/* Begin PBXFrameworksBuildPhase section */
		5592A5811F8BBB4400F08BF5 /* Frameworks */ = {
			isa = PBXFrameworksBuildPhase;
			buildActionMask = 2147483647;
			files = (
				553A7BD21FBFF4020037A4E7 /* libgmp.a in Frameworks */,
			);
			runOnlyForDeploymentPostprocessing = 0;
		};
		5592A59C1F8BBB4500F08BF5 /* Frameworks */ = {
			isa = PBXFrameworksBuildPhase;
			buildActionMask = 2147483647;
			files = (
			);
			runOnlyForDeploymentPostprocessing = 0;
		};
/* End PBXFrameworksBuildPhase section */

/* Begin PBXGroup section */
		552062C71F8EB1740015A9A9 /* Frameworks */ = {
			isa = PBXGroup;
			children = (
			);
			name = Frameworks;
			sourceTree = "<group>";
		};
		5592A57B1F8BBB4400F08BF5 = {
			isa = PBXGroup;
			children = (
				55AA556D1FA1527C00A7026B /* libgmp.a */,
				5592A5861F8BBB4400F08BF5 /* pippip-native-ios */,
				5592A5A21F8BBB4500F08BF5 /* pippip-native-iosTests */,
				5592A5851F8BBB4400F08BF5 /* Products */,
				552062C71F8EB1740015A9A9 /* Frameworks */,
			);
			sourceTree = "<group>";
		};
		5592A5851F8BBB4400F08BF5 /* Products */ = {
			isa = PBXGroup;
			children = (
				5592A5841F8BBB4400F08BF5 /* pippip-native-ios.app */,
				5592A59F1F8BBB4500F08BF5 /* pippip-native-iosTests.xctest */,
			);
			name = Products;
			sourceTree = "<group>";
		};
		5592A5861F8BBB4400F08BF5 /* pippip-native-ios */ = {
			isa = PBXGroup;
			children = (
				55AA54E41FA14B8900A7026B /* cryptokitty */,
				55AA54C01FA14ACE00A7026B /* coder */,
				5592A5991F8BBB4500F08BF5 /* main.mm */,
				557238A81F8C43F600A13A14 /* AccountManager.h */,
				557238A91F8C43F600A13A14 /* AccountManager.m */,
				55B781A51FDDA63900330B80 /* AccountsTableViewController.h */,
				55B781A61FDDA63900330B80 /* AccountsTableViewController.m */,
				55B781B11FE0A4F600330B80 /* AddContactViewController.h */,
				55B781B21FE0A4F600330B80 /* AddContactViewController.m */,
				553789901FF583490043BCF4 /* AddFriendViewController.h */,
				553789911FF583490043BCF4 /* AddFriendViewController.m */,
				553332591F9AE2D700F441E4 /* AlertErrorDelegate.h */,
				5533325A1F9AE2D700F441E4 /* AlertErrorDelegate.m */,
				5592A5871F8BBB4400F08BF5 /* AppDelegate.h */,
				5592A5881F8BBB4400F08BF5 /* AppDelegate.m */,
				55FA87401FD1AE5800FB96C0 /* AuthenticationRequest.h */,
				55FA87411FD1AE5800FB96C0 /* AuthenticationRequest.m */,
				55FA87431FD5CA4F00FB96C0 /* AuthenticationResponse.h */,
				55FA87441FD5CA4F00FB96C0 /* AuthenticationResponse.m */,
				55FA873D1FD187CD00FB96C0 /* Authenticator.h */,
				55FA873E1FD187CD00FB96C0 /* Authenticator.m */,
				55FA87461FD5E58E00FB96C0 /* ClientAuthChallenge.h */,
				55FA87471FD5E58E00FB96C0 /* ClientAuthChallenge.m */,
				55DB7F461FD86AF800B4D262 /* ClientAuthorized.h */,
				55DB7F471FD86AF800B4D262 /* ClientAuthorized.m */,
				55B781AE1FE09FDD00330B80 /* ContactEntity.h */,
				55B781AF1FE09FDD00330B80 /* ContactEntity.m */,
				55B781AB1FE018FC00330B80 /* ContactManager.h */,
				55B781AC1FE018FC00330B80 /* ContactManager.m */,
				5570AD171FDF039B00724B34 /* ContactPolicyViewController.h */,
				5570AD181FDF039B00724B34 /* ContactPolicyViewController.m */,
				5592A5AE1F8BC43C00F08BF5 /* ContactsTableViewController.h */,
				5592A5AF1F8BC43C00F08BF5 /* ContactsTableViewController.m */,
				55DB7F491FDB350800B4D262 /* CreateAccountDialog.h */,
				55DB7F4A1FDB350800B4D262 /* CreateAccountDialog.m */,
				55B3911A1FE17339004DAFF7 /* EnclaveRequest.h */,
				55B3911B1FE17339004DAFF7 /* EnclaveRequest.m */,
				55B3911D1FE17383004DAFF7 /* EnclaveResponse.h */,
				55B3911E1FE17383004DAFF7 /* EnclaveResponse.m */,
				5533325C1F9B779300F441E4 /* ErrorCodes.h */,
				55DB42141F9ABF8C001D8CB1 /* ErrorDelegate.h */,
				5592A58A1F8BBB4400F08BF5 /* HomeViewController.h */,
				5592A58B1F8BBB4400F08BF5 /* HomeViewController.m */,
				55B781A81FDE161E00330B80 /* Logout.h */,
				55B781A91FDE161E00330B80 /* Logout.m */,
				5592A5B11F8BC92E00F08BF5 /* MessagesTableViewController.h */,
				5592A5B21F8BC92E00F08BF5 /* MessagesTableViewController.m */,
				554C17351FDD5990009434F5 /* MoreTableViewController.h */,
				554C17361FDD5990009434F5 /* MoreTableViewController.m */,
				5527BAA31F8D0D1200C40D05 /* NewAccountCreator.h */,
				5527BAA41F8D0D1200C40D05 /* NewAccountCreator.m */,
				551A18401FA0FA740050C93C /* NewAccountFinal.h */,
				551A18411FA0FA740050C93C /* NewAccountFinal.m */,
				551A183D1FA0FA030050C93C /* NewAccountFinish.h */,
				551A183E1FA0FA030050C93C /* NewAccountFinish.m */,
				5527BAAF1F8D4B1D00C40D05 /* NewAccountRequest.h */,
				5527BAB01F8D4B1D00C40D05 /* NewAccountRequest.m */,
				5527BAB61F8DB81A00C40D05 /* NewAccountResponse.h */,
				5527BAB71F8DB81A00C40D05 /* NewAccountResponse.m */,
				558720451FE466BE0078679E /* NicknameViewController.h */,
				558720461FE466BE0078679E /* NicknameViewController.m */,
				557238B11F8C6B0C00A13A14 /* NSData+HexEncode.h */,
				557238B21F8C6B0C00A13A14 /* NSData+HexEncode.m */,
				5527BAAA1F8D398A00C40D05 /* ParameterGenerator.h */,
				5527BAAB1F8D398A00C40D05 /* ParameterGenerator.m */,
				5527BAA11F8D0AE200C40D05 /* PostPacket.h */,
				55B781A21FDD77F800330B80 /* PublicIdTableViewController.h */,
				55B781A31FDD77F800330B80 /* PublicIdTableViewController.m */,
				553332581F9AD83A00F441E4 /* RequestProcess.h */,
				5579D45B1FE8491C007BCFE4 /* ResponseConsumer.h */,
				5527BAA61F8D36BA00C40D05 /* RESTResponse.h */,
				5527BAB21F8D58D300C40D05 /* RESTSession.h */,
				5527BAB31F8D58D300C40D05 /* RESTSession.m */,
				55FA87491FD5E5AC00FB96C0 /* ServerAuthChallenge.h */,
				55FA874A1FD5E5AC00FB96C0 /* ServerAuthChallenge.m */,
				55DB7F431FD8692C00B4D262 /* ServerAuthorized.h */,
				55DB7F441FD8692C00B4D262 /* ServerAuthorized.m */,
				5527BAB51F8D5B9500C40D05 /* SessionDelegate.h */,
				5527BAA71F8D37D600C40D05 /* SessionState.h */,
				5527BAA81F8D37D600C40D05 /* SessionState.m */,
				554C17321FDC7F49009434F5 /* TabBarDelegate.h */,
				554C17331FDC7F49009434F5 /* TabBarDelegate.m */,
				55FA87371FD059AF00FB96C0 /* UserVault.h */,
				55FA87381FD059AF00FB96C0 /* UserVault.m */,
				553789931FF58B0F0043BCF4 /* WhitelistManager.h */,
				553789941FF58B0F0043BCF4 /* WhitelistManager.m */,
				5537898D1FF579EC0043BCF4 /* WhitelistTableViewCell.h */,
				5537898E1FF579EC0043BCF4 /* WhitelistTableViewCell.m */,
				5537898A1FF568B50043BCF4 /* WhitelistTableViewController.h */,
				5537898B1FF568B50043BCF4 /* WhitelistTableViewController.m */,
				5592A5901F8BBB4400F08BF5 /* Main.storyboard */,
				5592A5931F8BBB4400F08BF5 /* Assets.xcassets */,
				5592A5951F8BBB4400F08BF5 /* LaunchScreen.storyboard */,
				5592A5981F8BBB4400F08BF5 /* Info.plist */,
			);
			path = "pippip-native-ios";
			sourceTree = "<group>";
		};
		5592A5A21F8BBB4500F08BF5 /* pippip-native-iosTests */ = {
			isa = PBXGroup;
			children = (
				5592A5A31F8BBB4500F08BF5 /* pippip_native_iosTests.m */,
				5592A5A51F8BBB4500F08BF5 /* Info.plist */,
			);
			path = "pippip-native-iosTests";
			sourceTree = "<group>";
		};
		55AA54C01FA14ACE00A7026B /* coder */ = {
			isa = PBXGroup;
			children = (
				55AA54C11FA14B1D00A7026B /* BadParameterException.h */,
				55AA54CD1FA14B1D00A7026B /* ByteArray.cc */,
				55AA54D51FA14B1E00A7026B /* ByteArray.h */,
				55AA54C61FA14B1D00A7026B /* ByteArrayInputStream.cc */,
				55AA54C41FA14B1D00A7026B /* ByteArrayInputStream.h */,
				55AA54CA1FA14B1D00A7026B /* ByteArrayOutputStream.cc */,
				55AA54CB1FA14B1D00A7026B /* ByteArrayOutputStream.h */,
				55AA54D11FA14B1E00A7026B /* ByteStreamCodec.cc */,
				55AA54D21FA14B1E00A7026B /* ByteStreamCodec.h */,
				55AA54CE1FA14B1D00A7026B /* coder_iOS.h */,
				55AA54C91FA14B1D00A7026B /* Constants.h */,
				55AA54C51FA14B1D00A7026B /* Exception.h */,
				55AA54D91FA14B1E00A7026B /* Int16.cc */,
				55AA54D61FA14B1E00A7026B /* Int16.h */,
				55AA54D31FA14B1E00A7026B /* Int32.cc */,
				55AA54C81FA14B1D00A7026B /* Int32.h */,
				55AA54D81FA14B1E00A7026B /* Int64.cc */,
				55AA54CF1FA14B1D00A7026B /* Int64.h */,
				55AA54C21FA14B1D00A7026B /* OutOfRangeException.h */,
				55AA54CC1FA14B1D00A7026B /* Unsigned16.cc */,
				55AA54D01FA14B1D00A7026B /* Unsigned16.h */,
				55AA54D41FA14B1E00A7026B /* Unsigned32.cc */,
				55AA54C71FA14B1D00A7026B /* Unsigned32.h */,
				55AA54D71FA14B1E00A7026B /* Unsigned64.cc */,
				55AA54C31FA14B1D00A7026B /* Unsigned64.h */,
			);
			path = coder;
			sourceTree = "<group>";
		};
		55AA54E41FA14B8900A7026B /* cryptokitty */ = {
			isa = PBXGroup;
			children = (
				55AA55031FA14D4400A7026B /* CryptoKitty-C */,
				55AA54E61FA14BA200A7026B /* gmp */,
				55AA54E51FA14B9600A7026B /* Wrappers */,
			);
			path = cryptokitty;
			sourceTree = "<group>";
		};
		55AA54E51FA14B9600A7026B /* Wrappers */ = {
			isa = PBXGroup;
			children = (
				55FA873A1FD05E9800FB96C0 /* CKGCMCodec.h */,
				55FA873B1FD05E9800FB96C0 /* CKGCMCodec.mm */,
				55FA874C1FD5F10500FB96C0 /* CKHMAC.h */,
				55FA874D1FD5F10500FB96C0 /* CKHMAC.mm */,
				55AA54F91FA14C1300A7026B /* CKPEMCodec.h */,
				55AA54EA1FA14C1200A7026B /* CKPEMCodec.mm */,
				55AA54E81FA14C1200A7026B /* CKRSACodec.h */,
				55AA54ED1FA14C1200A7026B /* CKRSACodec.mm */,
				55AA54EF1FA14C1300A7026B /* CKRSAKeyPair.h */,
				55AA54EC1FA14C1200A7026B /* CKRSAKeyPair.m */,
				55AA54F21FA14C1300A7026B /* CKRSAKeyPairGenerator.h */,
				55AA54F81FA14C1300A7026B /* CKRSAKeyPairGenerator.mm */,
				55AA54F41FA14C1300A7026B /* CKRSAPrivateKey.h */,
				55AA54F11FA14C1300A7026B /* CKRSAPrivateKey.m */,
				55AA54E71FA14C1200A7026B /* CKRSAPublicKey.h */,
				55AA54EB1FA14C1200A7026B /* CKRSAPublicKey.m */,
				55AA54F31FA14C1300A7026B /* CKSecureRandom.h */,
				55AA54EE1FA14C1300A7026B /* CKSecureRandom.mm */,
				55AA54E91FA14C1200A7026B /* CKSHA1.h */,
				55AA54F51FA14C1300A7026B /* CKSHA1.mm */,
				55AA54F01FA14C1300A7026B /* CKSHA256.h */,
				55AA54F61FA14C1300A7026B /* CKSHA256.mm */,
				55CBAE5E1FD62E8D00C73A2B /* CKSignature.h */,
				55CBAE5F1FD62E8D00C73A2B /* CKSignature.mm */,
				55AA54F71FA14C1300A7026B /* ErrorCodes.h */,
			);
			path = Wrappers;
			sourceTree = "<group>";
		};
		55AA54E61FA14BA200A7026B /* gmp */ = {
			isa = PBXGroup;
			children = (
				55AA55691FA14E5900A7026B /* gmp.h */,
			);
			path = gmp;
			sourceTree = "<group>";
		};
		55AA55031FA14D4400A7026B /* CryptoKitty-C */ = {
			isa = PBXGroup;
			children = (
				55AA551E1FA14D6C00A7026B /* AEADCipherMode.h */,
				55AA552B1FA14D6D00A7026B /* AES.cc */,
				55AA55411FA14D7000A7026B /* AES.h */,
				55AA55121FA14D6B00A7026B /* AuthenticationException.h */,
				55AA55151FA14D6B00A7026B /* BadParameterException.h */,
				55AA55481FA14D7100A7026B /* Base64.cc */,
				55AA550C1FA14D6A00A7026B /* Base64.h */,
				55AA554A1FA14D7100A7026B /* BigInteger.cc */,
				55AA55161FA14D6B00A7026B /* BigInteger.h */,
				55AA55331FA14D6E00A7026B /* BlockCipher.h */,
				55AA55451FA14D7000A7026B /* BlockCipherMode.h */,
				55AA55171FA14D6B00A7026B /* CCSecureRandom.cc */,
				55AA550D1FA14D6A00A7026B /* CCSecureRandom.h */,
				55AA553A1FA14D6F00A7026B /* CKException.h */,
				55AA55341FA14D6E00A7026B /* DecryptionException.h */,
				55AA552F1FA14D6E00A7026B /* DERCodec.cc */,
				55AA551D1FA14D6C00A7026B /* DERCodec.h */,
				55AA55231FA14D6C00A7026B /* DHKeyExchange.cc */,
				55AA55311FA14D6E00A7026B /* DHKeyExchange.h */,
				55AA55301FA14D6E00A7026B /* Digest.h */,
				55AA55041FA14D6A00A7026B /* DigestBase.cc */,
				55AA552D1FA14D6E00A7026B /* DigestBase.h */,
				55AA55191FA14D6B00A7026B /* EncodingException.h */,
				55AA55091FA14D6A00A7026B /* GCM.cc */,
				55AA55321FA14D6E00A7026B /* GCM.h */,
				55AA552A1FA14D6D00A7026B /* GCMCodec.cc */,
				55AA550B1FA14D6A00A7026B /* GCMCodec.h */,
				55AA55251FA14D6D00A7026B /* HMAC.cc */,
				55AA55241FA14D6D00A7026B /* HMAC.h */,
				55AA551F1FA14D6C00A7026B /* IllegalOperationException.h */,
				55AA55431FA14D7000A7026B /* IllegalStateException.h */,
				55AA55351FA14D6E00A7026B /* IosSecureRandom.cc */,
				55AA55181FA14D6B00A7026B /* IosSecureRandom.h */,
				55AA554B1FA14D7100A7026B /* KeyPair.h */,
				55AA55111FA14D6B00A7026B /* OAEPrsaes.cc */,
				55AA553D1FA14D6F00A7026B /* OAEPrsaes.h */,
				55AA55201FA14D6C00A7026B /* PEMCodec.cc */,
				55AA55281FA14D6D00A7026B /* PEMCodec.h */,
				55AA55361FA14D6F00A7026B /* PKCS1rsassa.cc */,
				55AA553E1FA14D6F00A7026B /* PKCS1rsassa.h */,
				55AA55291FA14D6D00A7026B /* PrivateKey.cc */,
				55AA55371FA14D6F00A7026B /* PrivateKey.h */,
				55AA550E1FA14D6B00A7026B /* PSSmgf1.cc */,
				55AA55131FA14D6B00A7026B /* PSSmgf1.h */,
				55AA552C1FA14D6D00A7026B /* PublicKey.cc */,
				55AA55381FA14D6F00A7026B /* PublicKey.h */,
				55AA55461FA14D7000A7026B /* Random.cc */,
				55AA55391FA14D6F00A7026B /* Random.h */,
				55AA550A1FA14D6A00A7026B /* RSA.cc */,
				55AA55471FA14D7000A7026B /* RSA.h */,
				55AA55441FA14D7000A7026B /* RSACodec.cc */,
				55AA55101FA14D6B00A7026B /* RSACodec.h */,
				55AA553B1FA14D6F00A7026B /* RSAKeyPairGenerator.cc */,
				55AA55141FA14D6B00A7026B /* RSAKeyPairGenerator.h */,
				55AA553C1FA14D6F00A7026B /* RSAPrivateCrtKey.cc */,
				55AA55061FA14D6A00A7026B /* RSAPrivateCrtKey.h */,
				55AA55491FA14D7100A7026B /* RSAPrivateKey.cc */,
				55AA55211FA14D6C00A7026B /* RSAPrivateKey.h */,
				55AA550F1FA14D6B00A7026B /* RSAPrivateModKey.cc */,
				55AA553F1FA14D7000A7026B /* RSAPrivateModKey.h */,
				55AA55071FA14D6A00A7026B /* RSAPublicKey.cc */,
				55AA551B1FA14D6C00A7026B /* RSAPublicKey.h */,
				55AA55401FA14D7000A7026B /* SecureRandom.h */,
				55AA55261FA14D6D00A7026B /* SHA1.cc */,
				55AA55221FA14D6C00A7026B /* SHA1.h */,
				55AA551A1FA14D6B00A7026B /* SHA256.cc */,
				55AA55081FA14D6A00A7026B /* SHA256.h */,
				55AA552E1FA14D6E00A7026B /* SHA384.cc */,
				55AA55051FA14D6A00A7026B /* SHA384.h */,
				55AA551C1FA14D6C00A7026B /* SHA512.cc */,
				55AA55271FA14D6D00A7026B /* SHA512.h */,
				55AA55421FA14D7000A7026B /* SignatureException.h */,
			);
			path = "CryptoKitty-C";
			sourceTree = "<group>";
		};
/* End PBXGroup section */

/* Begin PBXNativeTarget section */
		5592A5831F8BBB4400F08BF5 /* pippip-native-ios */ = {
			isa = PBXNativeTarget;
			buildConfigurationList = 5592A5A81F8BBB4500F08BF5 /* Build configuration list for PBXNativeTarget "pippip-native-ios" */;
			buildPhases = (
				5592A5801F8BBB4400F08BF5 /* Sources */,
				5592A5811F8BBB4400F08BF5 /* Frameworks */,
				5592A5821F8BBB4400F08BF5 /* Resources */,
				552062D21F8EC7120015A9A9 /* Embed Frameworks */,
			);
			buildRules = (
			);
			dependencies = (
			);
			name = "pippip-native-ios";
			productName = "pippip-native-ios";
			productReference = 5592A5841F8BBB4400F08BF5 /* pippip-native-ios.app */;
			productType = "com.apple.product-type.application";
		};
		5592A59E1F8BBB4500F08BF5 /* pippip-native-iosTests */ = {
			isa = PBXNativeTarget;
			buildConfigurationList = 5592A5AB1F8BBB4500F08BF5 /* Build configuration list for PBXNativeTarget "pippip-native-iosTests" */;
			buildPhases = (
				5592A59B1F8BBB4500F08BF5 /* Sources */,
				5592A59C1F8BBB4500F08BF5 /* Frameworks */,
				5592A59D1F8BBB4500F08BF5 /* Resources */,
			);
			buildRules = (
			);
			dependencies = (
				5592A5A11F8BBB4500F08BF5 /* PBXTargetDependency */,
			);
			name = "pippip-native-iosTests";
			productName = "pippip-native-iosTests";
			productReference = 5592A59F1F8BBB4500F08BF5 /* pippip-native-iosTests.xctest */;
			productType = "com.apple.product-type.bundle.unit-test";
		};
/* End PBXNativeTarget section */

/* Begin PBXProject section */
		5592A57C1F8BBB4400F08BF5 /* Project object */ = {
			isa = PBXProject;
			attributes = {
				LastUpgradeCheck = 0900;
				ORGANIZATIONNAME = seComm;
				TargetAttributes = {
					5592A5831F8BBB4400F08BF5 = {
						CreatedOnToolsVersion = 9.0;
						ProvisioningStyle = Automatic;
					};
					5592A59E1F8BBB4500F08BF5 = {
						CreatedOnToolsVersion = 9.0;
						ProvisioningStyle = Automatic;
						TestTargetID = 5592A5831F8BBB4400F08BF5;
					};
				};
			};
			buildConfigurationList = 5592A57F1F8BBB4400F08BF5 /* Build configuration list for PBXProject "pippip-native-ios" */;
			compatibilityVersion = "Xcode 8.0";
			developmentRegion = en;
			hasScannedForEncodings = 0;
			knownRegions = (
				en,
				Base,
			);
			mainGroup = 5592A57B1F8BBB4400F08BF5;
			productRefGroup = 5592A5851F8BBB4400F08BF5 /* Products */;
			projectDirPath = "";
			projectRoot = "";
			targets = (
				5592A5831F8BBB4400F08BF5 /* pippip-native-ios */,
				5592A59E1F8BBB4500F08BF5 /* pippip-native-iosTests */,
			);
		};
/* End PBXProject section */

/* Begin PBXResourcesBuildPhase section */
		5592A5821F8BBB4400F08BF5 /* Resources */ = {
			isa = PBXResourcesBuildPhase;
			buildActionMask = 2147483647;
			files = (
				5592A5971F8BBB4400F08BF5 /* LaunchScreen.storyboard in Resources */,
				5592A5941F8BBB4400F08BF5 /* Assets.xcassets in Resources */,
				5592A5921F8BBB4400F08BF5 /* Main.storyboard in Resources */,
			);
			runOnlyForDeploymentPostprocessing = 0;
		};
		5592A59D1F8BBB4500F08BF5 /* Resources */ = {
			isa = PBXResourcesBuildPhase;
			buildActionMask = 2147483647;
			files = (
			);
			runOnlyForDeploymentPostprocessing = 0;
		};
/* End PBXResourcesBuildPhase section */

/* Begin PBXSourcesBuildPhase section */
		5592A5801F8BBB4400F08BF5 /* Sources */ = {
			isa = PBXSourcesBuildPhase;
			buildActionMask = 2147483647;
			files = (
				558720471FE466BE0078679E /* NicknameViewController.m in Sources */,
				55FA873C1FD05E9800FB96C0 /* CKGCMCodec.mm in Sources */,
				55AA554C1FA14D7100A7026B /* DigestBase.cc in Sources */,
				55FA874B1FD5E5AC00FB96C0 /* ServerAuthChallenge.m in Sources */,
				5527BAB11F8D4B1D00C40D05 /* NewAccountRequest.m in Sources */,
				5527BAA91F8D37D600C40D05 /* SessionState.m in Sources */,
				55AA555B1FA14D7100A7026B /* GCMCodec.cc in Sources */,
				55AA55011FA14C1300A7026B /* CKSHA256.mm in Sources */,
				55AA54FC1FA14C1300A7026B /* CKRSAKeyPair.m in Sources */,
				55AA55671FA14D7100A7026B /* RSAPrivateKey.cc in Sources */,
				55B3911F1FE17383004DAFF7 /* EnclaveResponse.m in Sources */,
				55FA87481FD5E58E00FB96C0 /* ClientAuthChallenge.m in Sources */,
				554C17371FDD5990009434F5 /* MoreTableViewController.m in Sources */,
				553789951FF58B0F0043BCF4 /* WhitelistManager.m in Sources */,
				5570AD191FDF039B00724B34 /* ContactPolicyViewController.m in Sources */,
				55AA555D1FA14D7100A7026B /* PublicKey.cc in Sources */,
				55B781B31FE0A4F600330B80 /* AddContactViewController.m in Sources */,
				553789921FF583490043BCF4 /* AddFriendViewController.m in Sources */,
				55AA54DC1FA14B1E00A7026B /* Unsigned16.cc in Sources */,
				55AA55581FA14D7100A7026B /* HMAC.cc in Sources */,
				554C17341FDC7F49009434F5 /* TabBarDelegate.m in Sources */,
				55AA54DE1FA14B1E00A7026B /* ByteStreamCodec.cc in Sources */,
				55AA55001FA14C1300A7026B /* CKSHA1.mm in Sources */,
				55AA54E11FA14B1E00A7026B /* Unsigned64.cc in Sources */,
				55AA54E01FA14B1E00A7026B /* Unsigned32.cc in Sources */,
				55AA54FE1FA14C1300A7026B /* CKSecureRandom.mm in Sources */,
				55FA874E1FD5F10500FB96C0 /* CKHMAC.mm in Sources */,
				55AA54FD1FA14C1300A7026B /* CKRSACodec.mm in Sources */,
				55AA555A1FA14D7100A7026B /* PrivateKey.cc in Sources */,
				5537898F1FF579EC0043BCF4 /* WhitelistTableViewCell.m in Sources */,
				55AA555E1FA14D7100A7026B /* SHA384.cc in Sources */,
				55B781AA1FDE161E00330B80 /* Logout.m in Sources */,
				55DB7F481FD86AF800B4D262 /* ClientAuthorized.m in Sources */,
				55AA55541FA14D7100A7026B /* SHA256.cc in Sources */,
				55AA54E31FA14B1E00A7026B /* Int16.cc in Sources */,
				55AA555F1FA14D7100A7026B /* DERCodec.cc in Sources */,
				5592A5B31F8BC92E00F08BF5 /* MessagesTableViewController.m in Sources */,
				55B781B01FE09FDD00330B80 /* ContactEntity.m in Sources */,
				55AA55551FA14D7100A7026B /* SHA512.cc in Sources */,
				55AA54FA1FA14C1300A7026B /* CKPEMCodec.mm in Sources */,
				551A183F1FA0FA030050C93C /* NewAccountFinish.m in Sources */,
				55B781A41FDD77F800330B80 /* PublicIdTableViewController.m in Sources */,
				55AA555C1FA14D7100A7026B /* AES.cc in Sources */,
				55AA54DB1FA14B1E00A7026B /* ByteArrayOutputStream.cc in Sources */,
				5537898C1FF568B50043BCF4 /* WhitelistTableViewController.m in Sources */,
				5533325B1F9AE2D700F441E4 /* AlertErrorDelegate.m in Sources */,
				55B781AD1FE018FC00330B80 /* ContactManager.m in Sources */,
				5592A5891F8BBB4400F08BF5 /* AppDelegate.m in Sources */,
				55AA54E21FA14B1E00A7026B /* Int64.cc in Sources */,
				5592A5B01F8BC43C00F08BF5 /* ContactsTableViewController.m in Sources */,
				55AA55591FA14D7100A7026B /* SHA1.cc in Sources */,
				55AA55641FA14D7100A7026B /* RSACodec.cc in Sources */,
				5527BAB81F8DB81B00C40D05 /* NewAccountResponse.m in Sources */,
				557238B31F8C6B0C00A13A14 /* NSData+HexEncode.m in Sources */,
				55AA55661FA14D7100A7026B /* Base64.cc in Sources */,
				55AA54FF1FA14C1300A7026B /* CKRSAPrivateKey.m in Sources */,
				55AA54DF1FA14B1E00A7026B /* Int32.cc in Sources */,
				55AA554E1FA14D7100A7026B /* GCM.cc in Sources */,
				55AA554F1FA14D7100A7026B /* RSA.cc in Sources */,
				55AA55521FA14D7100A7026B /* OAEPrsaes.cc in Sources */,
				5527BAB41F8D58D300C40D05 /* RESTSession.m in Sources */,
				55AA55611FA14D7100A7026B /* PKCS1rsassa.cc in Sources */,
				5592A59A1F8BBB4500F08BF5 /* main.mm in Sources */,
				5527BAA51F8D0D1200C40D05 /* NewAccountCreator.m in Sources */,
				55B3911C1FE17339004DAFF7 /* EnclaveRequest.m in Sources */,
				55AA55651FA14D7100A7026B /* Random.cc in Sources */,
				55FA873F1FD187CD00FB96C0 /* Authenticator.m in Sources */,
				55DB7F451FD8692C00B4D262 /* ServerAuthorized.m in Sources */,
				55AA55511FA14D7100A7026B /* RSAPrivateModKey.cc in Sources */,
				55AA55621FA14D7100A7026B /* RSAKeyPairGenerator.cc in Sources */,
				55AA55631FA14D7100A7026B /* RSAPrivateCrtKey.cc in Sources */,
				55AA54DD1FA14B1E00A7026B /* ByteArray.cc in Sources */,
				55AA55571FA14D7100A7026B /* DHKeyExchange.cc in Sources */,
				55AA54FB1FA14C1300A7026B /* CKRSAPublicKey.m in Sources */,
				5592A58C1F8BBB4400F08BF5 /* HomeViewController.m in Sources */,
				55B781A71FDDA63900330B80 /* AccountsTableViewController.m in Sources */,
				55FA87391FD059AF00FB96C0 /* UserVault.m in Sources */,
				55AA55021FA14C1300A7026B /* CKRSAKeyPairGenerator.mm in Sources */,
				55AA55501FA14D7100A7026B /* PSSmgf1.cc in Sources */,
				55AA55531FA14D7100A7026B /* CCSecureRandom.cc in Sources */,
				55FA87451FD5CA4F00FB96C0 /* AuthenticationResponse.m in Sources */,
				55AA55601FA14D7100A7026B /* IosSecureRandom.cc in Sources */,
				55AA554D1FA14D7100A7026B /* RSAPublicKey.cc in Sources */,
				551A18421FA0FA740050C93C /* NewAccountFinal.m in Sources */,
				55AA55681FA14D7100A7026B /* BigInteger.cc in Sources */,
				55DB7F4B1FDB350800B4D262 /* CreateAccountDialog.m in Sources */,
				55FA87421FD1AE5800FB96C0 /* AuthenticationRequest.m in Sources */,
				557238AA1F8C43F600A13A14 /* AccountManager.m in Sources */,
				55AA54DA1FA14B1E00A7026B /* ByteArrayInputStream.cc in Sources */,
				5527BAAC1F8D398A00C40D05 /* ParameterGenerator.m in Sources */,
				55CBAE601FD62E8D00C73A2B /* CKSignature.mm in Sources */,
				55AA55561FA14D7100A7026B /* PEMCodec.cc in Sources */,
			);
			runOnlyForDeploymentPostprocessing = 0;
		};
		5592A59B1F8BBB4500F08BF5 /* Sources */ = {
			isa = PBXSourcesBuildPhase;
			buildActionMask = 2147483647;
			files = (
				5592A5A41F8BBB4500F08BF5 /* pippip_native_iosTests.m in Sources */,
			);
			runOnlyForDeploymentPostprocessing = 0;
		};
/* End PBXSourcesBuildPhase section */

/* Begin PBXTargetDependency section */
		5592A5A11F8BBB4500F08BF5 /* PBXTargetDependency */ = {
			isa = PBXTargetDependency;
			target = 5592A5831F8BBB4400F08BF5 /* pippip-native-ios */;
			targetProxy = 5592A5A01F8BBB4500F08BF5 /* PBXContainerItemProxy */;
		};
/* End PBXTargetDependency section */

/* Begin PBXVariantGroup section */
		5592A5901F8BBB4400F08BF5 /* Main.storyboard */ = {
			isa = PBXVariantGroup;
			children = (
				5592A5911F8BBB4400F08BF5 /* Base */,
			);
			name = Main.storyboard;
			sourceTree = "<group>";
		};
		5592A5951F8BBB4400F08BF5 /* LaunchScreen.storyboard */ = {
			isa = PBXVariantGroup;
			children = (
				5592A5961F8BBB4400F08BF5 /* Base */,
			);
			name = LaunchScreen.storyboard;
			sourceTree = "<group>";
		};
/* End PBXVariantGroup section */

/* Begin XCBuildConfiguration section */
		5592A5A61F8BBB4500F08BF5 /* Debug */ = {
			isa = XCBuildConfiguration;
			buildSettings = {
				ALWAYS_SEARCH_USER_PATHS = NO;
				CLANG_ANALYZER_NONNULL = YES;
				CLANG_ANALYZER_NUMBER_OBJECT_CONVERSION = YES_AGGRESSIVE;
				CLANG_CXX_LANGUAGE_STANDARD = "gnu++14";
				CLANG_CXX_LIBRARY = "libc++";
				CLANG_ENABLE_MODULES = YES;
				CLANG_ENABLE_OBJC_ARC = YES;
				CLANG_WARN_BLOCK_CAPTURE_AUTORELEASING = YES;
				CLANG_WARN_BOOL_CONVERSION = YES;
				CLANG_WARN_COMMA = YES;
				CLANG_WARN_CONSTANT_CONVERSION = YES;
				CLANG_WARN_DIRECT_OBJC_ISA_USAGE = YES_ERROR;
				CLANG_WARN_DOCUMENTATION_COMMENTS = YES;
				CLANG_WARN_EMPTY_BODY = YES;
				CLANG_WARN_ENUM_CONVERSION = YES;
				CLANG_WARN_INFINITE_RECURSION = YES;
				CLANG_WARN_INT_CONVERSION = YES;
				CLANG_WARN_NON_LITERAL_NULL_CONVERSION = YES;
				CLANG_WARN_OBJC_LITERAL_CONVERSION = YES;
				CLANG_WARN_OBJC_ROOT_CLASS = YES_ERROR;
				CLANG_WARN_RANGE_LOOP_ANALYSIS = YES;
				CLANG_WARN_STRICT_PROTOTYPES = YES;
				CLANG_WARN_SUSPICIOUS_MOVE = YES;
				CLANG_WARN_UNGUARDED_AVAILABILITY = YES_AGGRESSIVE;
				CLANG_WARN_UNREACHABLE_CODE = YES;
				CLANG_WARN__DUPLICATE_METHOD_MATCH = YES;
				CODE_SIGN_IDENTITY = "iPhone Developer";
				COPY_PHASE_STRIP = NO;
				DEBUG_INFORMATION_FORMAT = dwarf;
				ENABLE_BITCODE = NO;
				ENABLE_STRICT_OBJC_MSGSEND = YES;
				ENABLE_TESTABILITY = YES;
				GCC_C_LANGUAGE_STANDARD = gnu11;
				GCC_DYNAMIC_NO_PIC = NO;
				GCC_NO_COMMON_BLOCKS = YES;
				GCC_OPTIMIZATION_LEVEL = 0;
				GCC_PREPROCESSOR_DEFINITIONS = (
					"DEBUG=1",
					"$(inherited)",
				);
				GCC_WARN_64_TO_32_BIT_CONVERSION = YES;
				GCC_WARN_ABOUT_RETURN_TYPE = YES_ERROR;
				GCC_WARN_UNDECLARED_SELECTOR = YES;
				GCC_WARN_UNINITIALIZED_AUTOS = YES_AGGRESSIVE;
				GCC_WARN_UNUSED_FUNCTION = YES;
				GCC_WARN_UNUSED_VARIABLE = YES;
				IPHONEOS_DEPLOYMENT_TARGET = 11.0;
				MTL_ENABLE_DEBUG_INFO = YES;
				ONLY_ACTIVE_ARCH = YES;
				OTHER_CFLAGS = "-fembed-bitcode";
				SDKROOT = iphoneos;
			};
			name = Debug;
		};
		5592A5A71F8BBB4500F08BF5 /* Release */ = {
			isa = XCBuildConfiguration;
			buildSettings = {
				ALWAYS_SEARCH_USER_PATHS = NO;
				CLANG_ANALYZER_NONNULL = YES;
				CLANG_ANALYZER_NUMBER_OBJECT_CONVERSION = YES_AGGRESSIVE;
				CLANG_CXX_LANGUAGE_STANDARD = "gnu++14";
				CLANG_CXX_LIBRARY = "libc++";
				CLANG_ENABLE_MODULES = YES;
				CLANG_ENABLE_OBJC_ARC = YES;
				CLANG_WARN_BLOCK_CAPTURE_AUTORELEASING = YES;
				CLANG_WARN_BOOL_CONVERSION = YES;
				CLANG_WARN_COMMA = YES;
				CLANG_WARN_CONSTANT_CONVERSION = YES;
				CLANG_WARN_DIRECT_OBJC_ISA_USAGE = YES_ERROR;
				CLANG_WARN_DOCUMENTATION_COMMENTS = YES;
				CLANG_WARN_EMPTY_BODY = YES;
				CLANG_WARN_ENUM_CONVERSION = YES;
				CLANG_WARN_INFINITE_RECURSION = YES;
				CLANG_WARN_INT_CONVERSION = YES;
				CLANG_WARN_NON_LITERAL_NULL_CONVERSION = YES;
				CLANG_WARN_OBJC_LITERAL_CONVERSION = YES;
				CLANG_WARN_OBJC_ROOT_CLASS = YES_ERROR;
				CLANG_WARN_RANGE_LOOP_ANALYSIS = YES;
				CLANG_WARN_STRICT_PROTOTYPES = YES;
				CLANG_WARN_SUSPICIOUS_MOVE = YES;
				CLANG_WARN_UNGUARDED_AVAILABILITY = YES_AGGRESSIVE;
				CLANG_WARN_UNREACHABLE_CODE = YES;
				CLANG_WARN__DUPLICATE_METHOD_MATCH = YES;
				CODE_SIGN_IDENTITY = "iPhone Developer";
				COPY_PHASE_STRIP = NO;
				DEBUG_INFORMATION_FORMAT = "dwarf-with-dsym";
				ENABLE_BITCODE = NO;
				ENABLE_NS_ASSERTIONS = NO;
				ENABLE_STRICT_OBJC_MSGSEND = YES;
				GCC_C_LANGUAGE_STANDARD = gnu11;
				GCC_NO_COMMON_BLOCKS = YES;
				GCC_WARN_64_TO_32_BIT_CONVERSION = YES;
				GCC_WARN_ABOUT_RETURN_TYPE = YES_ERROR;
				GCC_WARN_UNDECLARED_SELECTOR = YES;
				GCC_WARN_UNINITIALIZED_AUTOS = YES_AGGRESSIVE;
				GCC_WARN_UNUSED_FUNCTION = YES;
				GCC_WARN_UNUSED_VARIABLE = YES;
				IPHONEOS_DEPLOYMENT_TARGET = 11.0;
				MTL_ENABLE_DEBUG_INFO = NO;
				OTHER_CFLAGS = "-fembed-bitcode";
				SDKROOT = iphoneos;
				VALIDATE_PRODUCT = YES;
			};
			name = Release;
		};
		5592A5A91F8BBB4500F08BF5 /* Debug */ = {
			isa = XCBuildConfiguration;
			buildSettings = {
				ASSETCATALOG_COMPILER_APPICON_NAME = AppIcon;
				CODE_SIGN_STYLE = Automatic;
				DEVELOPMENT_TEAM = YSKMP8WLKB;
				ENABLE_BITCODE = NO;
				FRAMEWORK_SEARCH_PATHS = (
					"$(inherited)",
					"$(PROJECT_DIR)/pippip-native-ios",
					"$(USER_LIBRARY_DIR)/Frameworks",
				);
				INFOPLIST_FILE = "pippip-native-ios/Info.plist";
				LD_RUNPATH_SEARCH_PATHS = "$(inherited) @executable_path/Frameworks";
				LIBRARY_SEARCH_PATHS = (
					"$(inherited)",
					"$(PROJECT_DIR)/pippip-native-ios",
					"$(USER_LIBRARY_DIR)/Frameworks",
					"$(PROJECT_DIR)",
				);
				PRODUCT_BUNDLE_IDENTIFIER = org.secomm.pippip;
				PRODUCT_NAME = "$(TARGET_NAME)";
				TARGETED_DEVICE_FAMILY = "1,2";
			};
			name = Debug;
		};
		5592A5AA1F8BBB4500F08BF5 /* Release */ = {
			isa = XCBuildConfiguration;
			buildSettings = {
				ASSETCATALOG_COMPILER_APPICON_NAME = AppIcon;
				CODE_SIGN_STYLE = Automatic;
				DEVELOPMENT_TEAM = YSKMP8WLKB;
				ENABLE_BITCODE = NO;
				FRAMEWORK_SEARCH_PATHS = (
					"$(inherited)",
					"$(PROJECT_DIR)/pippip-native-ios",
					"$(USER_LIBRARY_DIR)/Frameworks",
				);
				INFOPLIST_FILE = "pippip-native-ios/Info.plist";
				LD_RUNPATH_SEARCH_PATHS = "$(inherited) @executable_path/Frameworks";
				LIBRARY_SEARCH_PATHS = (
					"$(inherited)",
					"$(PROJECT_DIR)/pippip-native-ios",
					"$(USER_LIBRARY_DIR)/Frameworks",
					"$(PROJECT_DIR)",
				);
				PRODUCT_BUNDLE_IDENTIFIER = org.secomm.pippip;
				PRODUCT_NAME = "$(TARGET_NAME)";
				TARGETED_DEVICE_FAMILY = "1,2";
			};
			name = Release;
		};
		5592A5AC1F8BBB4500F08BF5 /* Debug */ = {
			isa = XCBuildConfiguration;
			buildSettings = {
				BUNDLE_LOADER = "$(TEST_HOST)";
				CODE_SIGN_STYLE = Automatic;
				DEVELOPMENT_TEAM = SP3EMN3UU4;
				INFOPLIST_FILE = "pippip-native-iosTests/Info.plist";
				LD_RUNPATH_SEARCH_PATHS = "$(inherited) @executable_path/Frameworks @loader_path/Frameworks";
				PRODUCT_BUNDLE_IDENTIFIER = "org.secomm.pippip-native-iosTests";
				PRODUCT_NAME = "$(TARGET_NAME)";
				TARGETED_DEVICE_FAMILY = "1,2";
				TEST_HOST = "$(BUILT_PRODUCTS_DIR)/pippip-native-ios.app/pippip-native-ios";
			};
			name = Debug;
		};
		5592A5AD1F8BBB4500F08BF5 /* Release */ = {
			isa = XCBuildConfiguration;
			buildSettings = {
				BUNDLE_LOADER = "$(TEST_HOST)";
				CODE_SIGN_STYLE = Automatic;
				DEVELOPMENT_TEAM = SP3EMN3UU4;
				INFOPLIST_FILE = "pippip-native-iosTests/Info.plist";
				LD_RUNPATH_SEARCH_PATHS = "$(inherited) @executable_path/Frameworks @loader_path/Frameworks";
				PRODUCT_BUNDLE_IDENTIFIER = "org.secomm.pippip-native-iosTests";
				PRODUCT_NAME = "$(TARGET_NAME)";
				TARGETED_DEVICE_FAMILY = "1,2";
				TEST_HOST = "$(BUILT_PRODUCTS_DIR)/pippip-native-ios.app/pippip-native-ios";
			};
			name = Release;
		};
/* End XCBuildConfiguration section */

/* Begin XCConfigurationList section */
		5592A57F1F8BBB4400F08BF5 /* Build configuration list for PBXProject "pippip-native-ios" */ = {
			isa = XCConfigurationList;
			buildConfigurations = (
				5592A5A61F8BBB4500F08BF5 /* Debug */,
				5592A5A71F8BBB4500F08BF5 /* Release */,
			);
			defaultConfigurationIsVisible = 0;
			defaultConfigurationName = Release;
		};
		5592A5A81F8BBB4500F08BF5 /* Build configuration list for PBXNativeTarget "pippip-native-ios" */ = {
			isa = XCConfigurationList;
			buildConfigurations = (
				5592A5A91F8BBB4500F08BF5 /* Debug */,
				5592A5AA1F8BBB4500F08BF5 /* Release */,
			);
			defaultConfigurationIsVisible = 0;
			defaultConfigurationName = Release;
		};
		5592A5AB1F8BBB4500F08BF5 /* Build configuration list for PBXNativeTarget "pippip-native-iosTests" */ = {
			isa = XCConfigurationList;
			buildConfigurations = (
				5592A5AC1F8BBB4500F08BF5 /* Debug */,
				5592A5AD1F8BBB4500F08BF5 /* Release */,
			);
			defaultConfigurationIsVisible = 0;
			defaultConfigurationName = Release;
		};
/* End XCConfigurationList section */
	};
	rootObject = 5592A57C1F8BBB4400F08BF5 /* Project object */;
}
